// !$*UTF8*$!
{
	archiveVersion = 1;
	classes = {
	};
	objectVersion = 56;
	objects = {

/* Begin PBXBuildFile section */
		7E079F882C8CFE4E009391D0 /* MoodDescriptorSelectView.swift in Sources */ = {isa = PBXBuildFile; fileRef = 7E079F872C8CFE4E009391D0 /* MoodDescriptorSelectView.swift */; };
		7E08D4192C6BD95700F96328 /* StrainEditorView.swift in Sources */ = {isa = PBXBuildFile; fileRef = 7E08D4182C6BD95700F96328 /* StrainEditorView.swift */; };
		7E08D41C2C6BD9A400F96328 /* StrainType.swift in Sources */ = {isa = PBXBuildFile; fileRef = 7E08D41B2C6BD9A400F96328 /* StrainType.swift */; };
		7E08D41E2C6BEE7700F96328 /* BackgroundView.swift in Sources */ = {isa = PBXBuildFile; fileRef = 7E08D41D2C6BEE7700F96328 /* BackgroundView.swift */; };
		7E08D4212C6BF6DB00F96328 /* SessionEditorView.swift in Sources */ = {isa = PBXBuildFile; fileRef = 7E08D4202C6BF6DB00F96328 /* SessionEditorView.swift */; };
		7E08D4232C6BFB4400F96328 /* TimePickerWheel.swift in Sources */ = {isa = PBXBuildFile; fileRef = 7E08D4222C6BFB4400F96328 /* TimePickerWheel.swift */; };
		7E0DE5242CA5CDF8003C0642 /* AnalyticsView.swift in Sources */ = {isa = PBXBuildFile; fileRef = 7E0DE5232CA5CDF8003C0642 /* AnalyticsView.swift */; };
		7E0DE5262CA5D5A7003C0642 /* Date.swift in Sources */ = {isa = PBXBuildFile; fileRef = 7E0DE5252CA5D5A6003C0642 /* Date.swift */; };
		7E164A602CA4C565008996F1 /* UsagePatternsView.swift in Sources */ = {isa = PBXBuildFile; fileRef = 7E164A5F2CA4C565008996F1 /* UsagePatternsView.swift */; };
		7E164A622CA4C710008996F1 /* DateFilter.swift in Sources */ = {isa = PBXBuildFile; fileRef = 7E164A612CA4C70C008996F1 /* DateFilter.swift */; };
		7E1D086E2C977D17004B39D5 /* Purchase.swift in Sources */ = {isa = PBXBuildFile; fileRef = 7E1D086D2C977D15004B39D5 /* Purchase.swift */; };
		7E1D08702C9782F3004B39D5 /* ItemPurchaseInputView.swift in Sources */ = {isa = PBXBuildFile; fileRef = 7E1D086F2C9782F3004B39D5 /* ItemPurchaseInputView.swift */; };
		7E1D08742C979CD5004B39D5 /* PurchaseRowView.swift in Sources */ = {isa = PBXBuildFile; fileRef = 7E1D08732C979CD5004B39D5 /* PurchaseRowView.swift */; };
		7E2504DA2C76838500496296 /* ColorData.swift in Sources */ = {isa = PBXBuildFile; fileRef = 7E2504D92C76838500496296 /* ColorData.swift */; };
		7E2504DD2C768CDB00496296 /* DetailSection.swift in Sources */ = {isa = PBXBuildFile; fileRef = 7E2504DC2C768CDB00496296 /* DetailSection.swift */; };
		7E2504DF2C7693F200496296 /* ImageCarouselView.swift in Sources */ = {isa = PBXBuildFile; fileRef = 7E2504DE2C7693F200496296 /* ImageCarouselView.swift */; };
		7E26DF732CAF1E5300F54E00 /* StrainListView.swift in Sources */ = {isa = PBXBuildFile; fileRef = 7E26DF722CAF1E5300F54E00 /* StrainListView.swift */; };
		7E26DF752CAF219A00F54E00 /* StrainRowView.swift in Sources */ = {isa = PBXBuildFile; fileRef = 7E26DF742CAF219A00F54E00 /* StrainRowView.swift */; };
		7E26DF7F2CAF384500F54E00 /* SearchView.swift in Sources */ = {isa = PBXBuildFile; fileRef = 7E26DF7E2CAF384500F54E00 /* SearchView.swift */; };
		7E26DF822CAF57DA00F54E00 /* LocationSelectorView.swift in Sources */ = {isa = PBXBuildFile; fileRef = 7E26DF812CAF57DA00F54E00 /* LocationSelectorView.swift */; };
		7E26DF842CB0623E00F54E00 /* LocationInfo.swift in Sources */ = {isa = PBXBuildFile; fileRef = 7E26DF832CB0623900F54E00 /* LocationInfo.swift */; };
		7E309D992C792DF40004A25A /* ImageViewerView.swift in Sources */ = {isa = PBXBuildFile; fileRef = 7E309D982C792DF40004A25A /* ImageViewerView.swift */; };
		7E309D9C2C7936EC0004A25A /* ImageViewManager.swift in Sources */ = {isa = PBXBuildFile; fileRef = 7E309D9B2C7936EC0004A25A /* ImageViewManager.swift */; };
		7E3B557C2C8A2EFD00AB0961 /* DurationPickerView.swift in Sources */ = {isa = PBXBuildFile; fileRef = 7E3B557B2C8A2EFD00AB0961 /* DurationPickerView.swift */; };
		7E3B557E2C8A3AEF00AB0961 /* HorizontalImagesView.swift in Sources */ = {isa = PBXBuildFile; fileRef = 7E3B557D2C8A3AEF00AB0961 /* HorizontalImagesView.swift */; };
		7E3B55832C8A524D00AB0961 /* Binding.swift in Sources */ = {isa = PBXBuildFile; fileRef = 7E3B55822C8A524D00AB0961 /* Binding.swift */; };
		7E3C63702C76CD1B009A3AF9 /* SharedModelContainer.swift in Sources */ = {isa = PBXBuildFile; fileRef = 7E3C636F2C76CD1B009A3AF9 /* SharedModelContainer.swift */; };
		7E3E7DC02CB70CFF0072B6E5 /* SettingsHeader.swift in Sources */ = {isa = PBXBuildFile; fileRef = 7E3E7DBF2CB70CFF0072B6E5 /* SettingsHeader.swift */; };
		7E45402D2CA7536A00ADB083 /* SettingsView.swift in Sources */ = {isa = PBXBuildFile; fileRef = 7E45402C2CA7536A00ADB083 /* SettingsView.swift */; };
		7E45402F2CA753AF00ADB083 /* AppearanceView.swift in Sources */ = {isa = PBXBuildFile; fileRef = 7E45402E2CA753AF00ADB083 /* AppearanceView.swift */; };
		7E4540322CA7560300ADB083 /* DisplayMode.swift in Sources */ = {isa = PBXBuildFile; fileRef = 7E4540312CA755F900ADB083 /* DisplayMode.swift */; };
		7E4540342CA7572300ADB083 /* ColorSchemeViewModifier.swift in Sources */ = {isa = PBXBuildFile; fileRef = 7E4540332CA7572300ADB083 /* ColorSchemeViewModifier.swift */; };
		7E4540362CA76DD500ADB083 /* AudioRecorder.swift in Sources */ = {isa = PBXBuildFile; fileRef = 7E4540352CA76DD200ADB083 /* AudioRecorder.swift */; };
		7E4540382CA7766900ADB083 /* AudioPlayer.swift in Sources */ = {isa = PBXBuildFile; fileRef = 7E4540372CA7766600ADB083 /* AudioPlayer.swift */; };
		7E45403A2CA7776B00ADB083 /* VoiceRecordingView.swift in Sources */ = {isa = PBXBuildFile; fileRef = 7E4540392CA7776B00ADB083 /* VoiceRecordingView.swift */; };
		7E523C172C77990D005B6186 /* SessionDetailsView.swift in Sources */ = {isa = PBXBuildFile; fileRef = 7E523C162C77990D005B6186 /* SessionDetailsView.swift */; };
		7E523C192C77BFD6005B6186 /* ImageGridView.swift in Sources */ = {isa = PBXBuildFile; fileRef = 7E523C182C77BFD6005B6186 /* ImageGridView.swift */; };
		7E5301E82C74F44000909048 /* StrainDetailsView.swift in Sources */ = {isa = PBXBuildFile; fileRef = 7E5301E72C74F44000909048 /* StrainDetailsView.swift */; };
		7E5301EB2C74F97500909048 /* DashboardView.swift in Sources */ = {isa = PBXBuildFile; fileRef = 7E5301EA2C74F97500909048 /* DashboardView.swift */; };
		7E5301ED2C74F98200909048 /* JournalView.swift in Sources */ = {isa = PBXBuildFile; fileRef = 7E5301EC2C74F98200909048 /* JournalView.swift */; };
		7E5301EF2C74F99B00909048 /* InventoryView.swift in Sources */ = {isa = PBXBuildFile; fileRef = 7E5301EE2C74F99B00909048 /* InventoryView.swift */; };
		7E5301F12C74FD7F00909048 /* ItemRowView.swift in Sources */ = {isa = PBXBuildFile; fileRef = 7E5301F02C74FD7F00909048 /* ItemRowView.swift */; };
		7E530BEA2CBF2D9200B8DDE8 /* AllItemsAnalyticsView.swift in Sources */ = {isa = PBXBuildFile; fileRef = 7E530BE92CBF2D9200B8DDE8 /* AllItemsAnalyticsView.swift */; };
		7E530BEC2CBF2E3800B8DDE8 /* SelectedItemAnalyticsView.swift in Sources */ = {isa = PBXBuildFile; fileRef = 7E530BEB2CBF2E3800B8DDE8 /* SelectedItemAnalyticsView.swift */; };
		7E5581382C823E6E00F461EB /* SimpleAnalyticsView.swift in Sources */ = {isa = PBXBuildFile; fileRef = 7E5581372C823E6E00F461EB /* SimpleAnalyticsView.swift */; };
		7E5E2E2A2CB5B73B00A1C3FC /* UnitsSettingsView.swift in Sources */ = {isa = PBXBuildFile; fileRef = 7E5E2E292CB5B73B00A1C3FC /* UnitsSettingsView.swift */; };
		7E5E2E2C2CB5B8D100A1C3FC /* AcceptedUnit.swift in Sources */ = {isa = PBXBuildFile; fileRef = 7E5E2E2B2CB5B8D100A1C3FC /* AcceptedUnit.swift */; };
		7E5E2E2E2CB5BA2800A1C3FC /* DefaultUnits.swift in Sources */ = {isa = PBXBuildFile; fileRef = 7E5E2E2D2CB5BA2800A1C3FC /* DefaultUnits.swift */; };
		7E5E2E302CB5BE5C00A1C3FC /* UnitManager.swift in Sources */ = {isa = PBXBuildFile; fileRef = 7E5E2E2F2CB5BE5C00A1C3FC /* UnitManager.swift */; };
		7E656A2B2C94CED300C6FD6A /* PillStyle.swift in Sources */ = {isa = PBXBuildFile; fileRef = 7E656A2A2C94CECF00C6FD6A /* PillStyle.swift */; };
		7E656A2D2C94DB4500C6FD6A /* TerpeneView.swift in Sources */ = {isa = PBXBuildFile; fileRef = 7E656A2C2C94DB4500C6FD6A /* TerpeneView.swift */; };
		7E6BC8AD2CAC6E35007AC9AF /* GradientButtonStyle.swift in Sources */ = {isa = PBXBuildFile; fileRef = 7E6BC8AC2CAC6E35007AC9AF /* GradientButtonStyle.swift */; };
		7E6BC8B12CAC8BC7007AC9AF /* CloseButtonStyle.swift in Sources */ = {isa = PBXBuildFile; fileRef = 7E6BC8B02CAC8BC7007AC9AF /* CloseButtonStyle.swift */; };
		7E6BC8B32CAC99D5007AC9AF /* MoodAnalyticsView.swift in Sources */ = {isa = PBXBuildFile; fileRef = 7E6BC8B22CAC99D5007AC9AF /* MoodAnalyticsView.swift */; };
		7E70B97C2C9214980092ECE7 /* Mood.swift in Sources */ = {isa = PBXBuildFile; fileRef = 7E70B97B2C9214980092ECE7 /* Mood.swift */; };
		7E70B97E2C9214BC0092ECE7 /* Flavor.swift in Sources */ = {isa = PBXBuildFile; fileRef = 7E70B97D2C9214BC0092ECE7 /* Flavor.swift */; };
		7E70B9822C9254830092ECE7 /* SessionLogButtonStyle.swift in Sources */ = {isa = PBXBuildFile; fileRef = 7E70B9812C9254830092ECE7 /* SessionLogButtonStyle.swift */; };
		7E70B9842C92567E0092ECE7 /* EditorInputButton.swift in Sources */ = {isa = PBXBuildFile; fileRef = 7E70B9832C9256790092ECE7 /* EditorInputButton.swift */; };
		7E70B9862C925BD10092ECE7 /* Double.swift in Sources */ = {isa = PBXBuildFile; fileRef = 7E70B9852C925BCD0092ECE7 /* Double.swift */; };
		7E7349B72C80EEC800262930 /* ItemsListView.swift in Sources */ = {isa = PBXBuildFile; fileRef = 7E7349B62C80EEC800262930 /* ItemsListView.swift */; };
		7E7349B92C81148B00262930 /* SessionsListView.swift in Sources */ = {isa = PBXBuildFile; fileRef = 7E7349B82C81148B00262930 /* SessionsListView.swift */; };
		7E7349BB2C811BE300262930 /* CalendarView.swift in Sources */ = {isa = PBXBuildFile; fileRef = 7E7349BA2C811BE300262930 /* CalendarView.swift */; };
		7E7DDC192C66A8730057F983 /* ItemEditorView.swift in Sources */ = {isa = PBXBuildFile; fileRef = 7E7DDC182C66A8730057F983 /* ItemEditorView.swift */; };
		7E80B7FB2CA9FDA400E9CDD1 /* EditableHorizontalImagesView.swift in Sources */ = {isa = PBXBuildFile; fileRef = 7E80B7FA2CA9FDA400E9CDD1 /* EditableHorizontalImagesView.swift */; };
		7E81C3462CAA17C7006E9DD3 /* AddView.swift in Sources */ = {isa = PBXBuildFile; fileRef = 7E81C3452CAA17C7006E9DD3 /* AddView.swift */; };
		7E951D002C73D10E0023922C /* ItemCardView.swift in Sources */ = {isa = PBXBuildFile; fileRef = 7E951CFF2C73D10E0023922C /* ItemCardView.swift */; };
		7E951D052C73E7E20023922C /* CompactSessionCardView.swift in Sources */ = {isa = PBXBuildFile; fileRef = 7E951D042C73E7E20023922C /* CompactSessionCardView.swift */; };
		7E9ACB522CA1F67700CFF92D /* TagStyle.swift in Sources */ = {isa = PBXBuildFile; fileRef = 7E9ACB512CA1F67400CFF92D /* TagStyle.swift */; };
		7EB685542CA48DCD002C1759 /* ImagesPicker.swift in Sources */ = {isa = PBXBuildFile; fileRef = 7EB685532CA48DCD002C1759 /* ImagesPicker.swift */; };
		7EC008ED2C5EEDE80093217B /* ChronicleApp.swift in Sources */ = {isa = PBXBuildFile; fileRef = 7EC008EC2C5EEDE80093217B /* ChronicleApp.swift */; };
		7EC008EF2C5EEDE80093217B /* ContentView.swift in Sources */ = {isa = PBXBuildFile; fileRef = 7EC008EE2C5EEDE80093217B /* ContentView.swift */; };
		7EC008F12C5EEDE80093217B /* Item.swift in Sources */ = {isa = PBXBuildFile; fileRef = 7EC008F02C5EEDE80093217B /* Item.swift */; };
		7EC008F32C5EEDEA0093217B /* Assets.xcassets in Resources */ = {isa = PBXBuildFile; fileRef = 7EC008F22C5EEDEA0093217B /* Assets.xcassets */; };
		7EC008F62C5EEDEA0093217B /* Preview Assets.xcassets in Resources */ = {isa = PBXBuildFile; fileRef = 7EC008F52C5EEDEA0093217B /* Preview Assets.xcassets */; };
		7EC009022C5EF1F70093217B /* Strain.swift in Sources */ = {isa = PBXBuildFile; fileRef = 7EC009012C5EF1F70093217B /* Strain.swift */; };
		7EC3D96D2CC0529F00E6522C /* Wellness.swift in Sources */ = {isa = PBXBuildFile; fileRef = 7EC3D96C2CC0529F00E6522C /* Wellness.swift */; };
		7EC3D96F2CC0534100E6522C /* WellnessEntry.swift in Sources */ = {isa = PBXBuildFile; fileRef = 7EC3D96E2CC0534100E6522C /* WellnessEntry.swift */; };
		7EC3D9712CC0571D00E6522C /* LogsPickerView.swift in Sources */ = {isa = PBXBuildFile; fileRef = 7EC3D9702CC0571D00E6522C /* LogsPickerView.swift */; };
		7EC3D9732CC0740200E6522C /* WellnessSelectorView.swift in Sources */ = {isa = PBXBuildFile; fileRef = 7EC3D9722CC0740200E6522C /* WellnessSelectorView.swift */; };
		7ECAE68B2CA86A0B00ECEFD9 /* AudioPlayerView.swift in Sources */ = {isa = PBXBuildFile; fileRef = 7ECAE68A2CA86A0B00ECEFD9 /* AudioPlayerView.swift */; };
		7ECAE68D2CA86A9D00ECEFD9 /* Format.swift in Sources */ = {isa = PBXBuildFile; fileRef = 7ECAE68C2CA86A9D00ECEFD9 /* Format.swift */; };
		7ECAE6922CA87B9800ECEFD9 /* Accessory.swift in Sources */ = {isa = PBXBuildFile; fileRef = 7ECAE6912CA87B9400ECEFD9 /* Accessory.swift */; };
		7ECAE6952CA8805600ECEFD9 /* AccessoryEditorView.swift in Sources */ = {isa = PBXBuildFile; fileRef = 7ECAE6942CA8805600ECEFD9 /* AccessoryEditorView.swift */; };
		7ECAE6982CA8934700ECEFD9 /* AccessoryListView.swift in Sources */ = {isa = PBXBuildFile; fileRef = 7ECAE6972CA8934700ECEFD9 /* AccessoryListView.swift */; };
		7ECAE69A2CA8936D00ECEFD9 /* AccessoryRowView.swift in Sources */ = {isa = PBXBuildFile; fileRef = 7ECAE6992CA8936D00ECEFD9 /* AccessoryRowView.swift */; };
		7ECAE69C2CA8937400ECEFD9 /* AccessoryDetailsView.swift in Sources */ = {isa = PBXBuildFile; fileRef = 7ECAE69B2CA8937400ECEFD9 /* AccessoryDetailsView.swift */; };
		7ECAFC272C6410340056A44E /* Session.swift in Sources */ = {isa = PBXBuildFile; fileRef = 7ECAFC262C6410340056A44E /* Session.swift */; };
		7ECAFC2A2C6421310056A44E /* SampleData.swift in Sources */ = {isa = PBXBuildFile; fileRef = 7ECAFC292C6421310056A44E /* SampleData.swift */; };
		7ECDBAAA2CC1BA090036BA33 /* HeaderTitle.swift in Sources */ = {isa = PBXBuildFile; fileRef = 7ECDBAA92CC1B9FD0036BA33 /* HeaderTitle.swift */; };
		7ECFA5352CAB053F00BC5E54 /* ContinuousCalendarView.swift in Sources */ = {isa = PBXBuildFile; fileRef = 7ECFA5342CAB053F00BC5E54 /* ContinuousCalendarView.swift */; };
		7ECFA53B2CAB279C00BC5E54 /* Calendar.swift in Sources */ = {isa = PBXBuildFile; fileRef = 7ECFA53A2CAB279C00BC5E54 /* Calendar.swift */; };
		7ECFA53D2CAB475C00BC5E54 /* WeekScrollerView.swift in Sources */ = {isa = PBXBuildFile; fileRef = 7ECFA53C2CAB475C00BC5E54 /* WeekScrollerView.swift */; };
		7ED0D8002CA8ABFF00FF8D8A /* InfoPillStyle.swift in Sources */ = {isa = PBXBuildFile; fileRef = 7ED0D7FF2CA8ABFF00FF8D8A /* InfoPillStyle.swift */; };
		7ED0D8022CA8C05D00FF8D8A /* SessionRowView.swift in Sources */ = {isa = PBXBuildFile; fileRef = 7ED0D8012CA8C05D00FF8D8A /* SessionRowView.swift */; };
		7ED0D8062CA8C4FC00FF8D8A /* AccessoriesSelectorView.swift in Sources */ = {isa = PBXBuildFile; fileRef = 7ED0D8052CA8C4FC00FF8D8A /* AccessoriesSelectorView.swift */; };
		7ED7478D2C8A909E00F07679 /* NotesEditorView.swift in Sources */ = {isa = PBXBuildFile; fileRef = 7ED7478C2C8A909E00F07679 /* NotesEditorView.swift */; };
		7ED7478F2C8BA9A100F07679 /* MoodSelectorView.swift in Sources */ = {isa = PBXBuildFile; fileRef = 7ED7478E2C8BA9A100F07679 /* MoodSelectorView.swift */; };
		7ED747912C8BB3F100F07679 /* CustomSliderView.swift in Sources */ = {isa = PBXBuildFile; fileRef = 7ED747902C8BB3F100F07679 /* CustomSliderView.swift */; };
		7ED747932C8BC67B00F07679 /* CGFloat.swift in Sources */ = {isa = PBXBuildFile; fileRef = 7ED747922C8BC67B00F07679 /* CGFloat.swift */; };
		7EDFFA532CA1EB650033163E /* Tag.swift in Sources */ = {isa = PBXBuildFile; fileRef = 7EDFFA522CA1EB640033163E /* Tag.swift */; };
		7EDFFA562CA1ED430033163E /* TagEditorView.swift in Sources */ = {isa = PBXBuildFile; fileRef = 7EDFFA552CA1ED430033163E /* TagEditorView.swift */; };
		7EE6261D2C6A948500448F80 /* ItemType.swift in Sources */ = {isa = PBXBuildFile; fileRef = 7EE6261C2C6A948500448F80 /* ItemType.swift */; };
		7EE626202C6AC40D00448F80 /* CannabinoidInputView.swift in Sources */ = {isa = PBXBuildFile; fileRef = 7EE6261F2C6AC40D00448F80 /* CannabinoidInputView.swift */; };
		7EE626222C6ACA4B00448F80 /* TerpeneInputView.swift in Sources */ = {isa = PBXBuildFile; fileRef = 7EE626212C6ACA4B00448F80 /* TerpeneInputView.swift */; };
		7EE626242C6ACE4B00448F80 /* IngredientsInputView.swift in Sources */ = {isa = PBXBuildFile; fileRef = 7EE626232C6ACE4B00448F80 /* IngredientsInputView.swift */; };
		7EF0BB162C6D3A2D0068542D /* ItemDetailsView.swift in Sources */ = {isa = PBXBuildFile; fileRef = 7EF0BB152C6D3A2D0068542D /* ItemDetailsView.swift */; };
		7EF0BB182C6D3CDD0068542D /* Samples.swift in Sources */ = {isa = PBXBuildFile; fileRef = 7EF0BB172C6D3CDD0068542D /* Samples.swift */; };
		7EF2D05A2CB8706E00D72BAC /* InventoryTransaction.swift in Sources */ = {isa = PBXBuildFile; fileRef = 7EF2D0592CB8706E00D72BAC /* InventoryTransaction.swift */; };
		7EF2D05C2CB8893900D72BAC /* PurchaseInputView.swift in Sources */ = {isa = PBXBuildFile; fileRef = 7EF2D05B2CB8893900D72BAC /* PurchaseInputView.swift */; };
		7EF2D05E2CB8D9BE00D72BAC /* TransactionHistoryView.swift in Sources */ = {isa = PBXBuildFile; fileRef = 7EF2D05D2CB8D9BE00D72BAC /* TransactionHistoryView.swift */; };
		7EF2D0602CB989F100D72BAC /* InventoryAdjustment.swift in Sources */ = {isa = PBXBuildFile; fileRef = 7EF2D05F2CB989F100D72BAC /* InventoryAdjustment.swift */; };
		7EF2D0632CB98ACF00D72BAC /* InventoryError.swift in Sources */ = {isa = PBXBuildFile; fileRef = 7EF2D0622CB98ACF00D72BAC /* InventoryError.swift */; };
		7EF2D0652CB9B8FE00D72BAC /* InventorySnapshot.swift in Sources */ = {isa = PBXBuildFile; fileRef = 7EF2D0642CB9B8FE00D72BAC /* InventorySnapshot.swift */; };
		7EF2D0672CB9C43800D72BAC /* AmountAdjustmentView.swift in Sources */ = {isa = PBXBuildFile; fileRef = 7EF2D0662CB9C43800D72BAC /* AmountAdjustmentView.swift */; };
		7EFA15382CAA51DF00F54CE5 /* AddContentSheets.swift in Sources */ = {isa = PBXBuildFile; fileRef = 7EFA15372CAA51DF00F54CE5 /* AddContentSheets.swift */; };
		7EFCC60F2C7E6DC90090588D /* Emotion.swift in Sources */ = {isa = PBXBuildFile; fileRef = 7EFCC60E2C7E6DC90090588D /* Emotion.swift */; };
		7EFCC6112C7E6F040090588D /* Compound.swift in Sources */ = {isa = PBXBuildFile; fileRef = 7EFCC6102C7E6F040090588D /* Compound.swift */; };
		7EFCC6132C7E6F420090588D /* Amount.swift in Sources */ = {isa = PBXBuildFile; fileRef = 7EFCC6122C7E6F420090588D /* Amount.swift */; };
		7EFCDE342CADDDEF002D68AC /* MoodPieChartView.swift in Sources */ = {isa = PBXBuildFile; fileRef = 7EFCDE332CADDDEF002D68AC /* MoodPieChartView.swift */; };
		7EFCDE362CADFB7A002D68AC /* ItemAnalyticsView.swift in Sources */ = {isa = PBXBuildFile; fileRef = 7EFCDE352CADFB7A002D68AC /* ItemAnalyticsView.swift */; };
		7EFCDE382CAE0681002D68AC /* ItemTypeDistributionChartView.swift in Sources */ = {isa = PBXBuildFile; fileRef = 7EFCDE372CAE0681002D68AC /* ItemTypeDistributionChartView.swift */; };
		7EFCDE3D2CAE0D16002D68AC /* ItemMoodInsightsView.swift in Sources */ = {isa = PBXBuildFile; fileRef = 7EFCDE3C2CAE0D16002D68AC /* ItemMoodInsightsView.swift */; };
		7EFCDE3F2CAE12CC002D68AC /* TopEmotionsChartView.swift in Sources */ = {isa = PBXBuildFile; fileRef = 7EFCDE3E2CAE12CC002D68AC /* TopEmotionsChartView.swift */; };
		7EFCDE412CAE210D002D68AC /* ItemEmotionsView.swift in Sources */ = {isa = PBXBuildFile; fileRef = 7EFCDE402CAE210D002D68AC /* ItemEmotionsView.swift */; };
/* End PBXBuildFile section */

/* Begin PBXFileReference section */
		7E079F872C8CFE4E009391D0 /* MoodDescriptorSelectView.swift */ = {isa = PBXFileReference; lastKnownFileType = sourcecode.swift; path = MoodDescriptorSelectView.swift; sourceTree = "<group>"; };
		7E08D4182C6BD95700F96328 /* StrainEditorView.swift */ = {isa = PBXFileReference; lastKnownFileType = sourcecode.swift; path = StrainEditorView.swift; sourceTree = "<group>"; };
		7E08D41B2C6BD9A400F96328 /* StrainType.swift */ = {isa = PBXFileReference; lastKnownFileType = sourcecode.swift; path = StrainType.swift; sourceTree = "<group>"; };
		7E08D41D2C6BEE7700F96328 /* BackgroundView.swift */ = {isa = PBXFileReference; lastKnownFileType = sourcecode.swift; path = BackgroundView.swift; sourceTree = "<group>"; };
		7E08D4202C6BF6DB00F96328 /* SessionEditorView.swift */ = {isa = PBXFileReference; lastKnownFileType = sourcecode.swift; path = SessionEditorView.swift; sourceTree = "<group>"; };
		7E08D4222C6BFB4400F96328 /* TimePickerWheel.swift */ = {isa = PBXFileReference; lastKnownFileType = sourcecode.swift; path = TimePickerWheel.swift; sourceTree = "<group>"; };
		7E0DE5232CA5CDF8003C0642 /* AnalyticsView.swift */ = {isa = PBXFileReference; lastKnownFileType = sourcecode.swift; path = AnalyticsView.swift; sourceTree = "<group>"; };
		7E0DE5252CA5D5A6003C0642 /* Date.swift */ = {isa = PBXFileReference; lastKnownFileType = sourcecode.swift; path = Date.swift; sourceTree = "<group>"; };
		7E164A5F2CA4C565008996F1 /* UsagePatternsView.swift */ = {isa = PBXFileReference; lastKnownFileType = sourcecode.swift; path = UsagePatternsView.swift; sourceTree = "<group>"; };
		7E164A612CA4C70C008996F1 /* DateFilter.swift */ = {isa = PBXFileReference; lastKnownFileType = sourcecode.swift; path = DateFilter.swift; sourceTree = "<group>"; };
		7E1D086D2C977D15004B39D5 /* Purchase.swift */ = {isa = PBXFileReference; lastKnownFileType = sourcecode.swift; path = Purchase.swift; sourceTree = "<group>"; };
		7E1D086F2C9782F3004B39D5 /* ItemPurchaseInputView.swift */ = {isa = PBXFileReference; lastKnownFileType = sourcecode.swift; path = ItemPurchaseInputView.swift; sourceTree = "<group>"; };
		7E1D08732C979CD5004B39D5 /* PurchaseRowView.swift */ = {isa = PBXFileReference; lastKnownFileType = sourcecode.swift; path = PurchaseRowView.swift; sourceTree = "<group>"; };
		7E2504D92C76838500496296 /* ColorData.swift */ = {isa = PBXFileReference; lastKnownFileType = sourcecode.swift; path = ColorData.swift; sourceTree = "<group>"; };
		7E2504DC2C768CDB00496296 /* DetailSection.swift */ = {isa = PBXFileReference; lastKnownFileType = sourcecode.swift; path = DetailSection.swift; sourceTree = "<group>"; };
		7E2504DE2C7693F200496296 /* ImageCarouselView.swift */ = {isa = PBXFileReference; lastKnownFileType = sourcecode.swift; path = ImageCarouselView.swift; sourceTree = "<group>"; };
		7E26DF722CAF1E5300F54E00 /* StrainListView.swift */ = {isa = PBXFileReference; lastKnownFileType = sourcecode.swift; path = StrainListView.swift; sourceTree = "<group>"; };
		7E26DF742CAF219A00F54E00 /* StrainRowView.swift */ = {isa = PBXFileReference; lastKnownFileType = sourcecode.swift; path = StrainRowView.swift; sourceTree = "<group>"; };
		7E26DF7E2CAF384500F54E00 /* SearchView.swift */ = {isa = PBXFileReference; lastKnownFileType = sourcecode.swift; path = SearchView.swift; sourceTree = "<group>"; };
		7E26DF812CAF57DA00F54E00 /* LocationSelectorView.swift */ = {isa = PBXFileReference; lastKnownFileType = sourcecode.swift; path = LocationSelectorView.swift; sourceTree = "<group>"; };
		7E26DF832CB0623900F54E00 /* LocationInfo.swift */ = {isa = PBXFileReference; lastKnownFileType = sourcecode.swift; path = LocationInfo.swift; sourceTree = "<group>"; };
		7E309D982C792DF40004A25A /* ImageViewerView.swift */ = {isa = PBXFileReference; lastKnownFileType = sourcecode.swift; path = ImageViewerView.swift; sourceTree = "<group>"; };
		7E309D9B2C7936EC0004A25A /* ImageViewManager.swift */ = {isa = PBXFileReference; lastKnownFileType = sourcecode.swift; path = ImageViewManager.swift; sourceTree = "<group>"; };
		7E3AE9BB2CB5852000EC45CB /* Chronicle.entitlements */ = {isa = PBXFileReference; lastKnownFileType = text.plist.entitlements; path = Chronicle.entitlements; sourceTree = "<group>"; };
		7E3AE9BC2CB585C800EC45CB /* Info.plist */ = {isa = PBXFileReference; lastKnownFileType = text.plist; path = Info.plist; sourceTree = "<group>"; };
		7E3B557B2C8A2EFD00AB0961 /* DurationPickerView.swift */ = {isa = PBXFileReference; lastKnownFileType = sourcecode.swift; path = DurationPickerView.swift; sourceTree = "<group>"; };
		7E3B557D2C8A3AEF00AB0961 /* HorizontalImagesView.swift */ = {isa = PBXFileReference; lastKnownFileType = sourcecode.swift; path = HorizontalImagesView.swift; sourceTree = "<group>"; };
		7E3B55822C8A524D00AB0961 /* Binding.swift */ = {isa = PBXFileReference; lastKnownFileType = sourcecode.swift; path = Binding.swift; sourceTree = "<group>"; };
		7E3C636F2C76CD1B009A3AF9 /* SharedModelContainer.swift */ = {isa = PBXFileReference; lastKnownFileType = sourcecode.swift; path = SharedModelContainer.swift; sourceTree = "<group>"; };
		7E3E7DBF2CB70CFF0072B6E5 /* SettingsHeader.swift */ = {isa = PBXFileReference; lastKnownFileType = sourcecode.swift; path = SettingsHeader.swift; sourceTree = "<group>"; };
		7E45402C2CA7536A00ADB083 /* SettingsView.swift */ = {isa = PBXFileReference; lastKnownFileType = sourcecode.swift; path = SettingsView.swift; sourceTree = "<group>"; };
		7E45402E2CA753AF00ADB083 /* AppearanceView.swift */ = {isa = PBXFileReference; lastKnownFileType = sourcecode.swift; path = AppearanceView.swift; sourceTree = "<group>"; };
		7E4540312CA755F900ADB083 /* DisplayMode.swift */ = {isa = PBXFileReference; lastKnownFileType = sourcecode.swift; path = DisplayMode.swift; sourceTree = "<group>"; };
		7E4540332CA7572300ADB083 /* ColorSchemeViewModifier.swift */ = {isa = PBXFileReference; lastKnownFileType = sourcecode.swift; path = ColorSchemeViewModifier.swift; sourceTree = "<group>"; };
		7E4540352CA76DD200ADB083 /* AudioRecorder.swift */ = {isa = PBXFileReference; lastKnownFileType = sourcecode.swift; path = AudioRecorder.swift; sourceTree = "<group>"; };
		7E4540372CA7766600ADB083 /* AudioPlayer.swift */ = {isa = PBXFileReference; lastKnownFileType = sourcecode.swift; path = AudioPlayer.swift; sourceTree = "<group>"; };
		7E4540392CA7776B00ADB083 /* VoiceRecordingView.swift */ = {isa = PBXFileReference; lastKnownFileType = sourcecode.swift; path = VoiceRecordingView.swift; sourceTree = "<group>"; };
		7E523C162C77990D005B6186 /* SessionDetailsView.swift */ = {isa = PBXFileReference; lastKnownFileType = sourcecode.swift; path = SessionDetailsView.swift; sourceTree = "<group>"; };
		7E523C182C77BFD6005B6186 /* ImageGridView.swift */ = {isa = PBXFileReference; lastKnownFileType = sourcecode.swift; path = ImageGridView.swift; sourceTree = "<group>"; };
		7E5301E72C74F44000909048 /* StrainDetailsView.swift */ = {isa = PBXFileReference; lastKnownFileType = sourcecode.swift; path = StrainDetailsView.swift; sourceTree = "<group>"; };
		7E5301EA2C74F97500909048 /* DashboardView.swift */ = {isa = PBXFileReference; lastKnownFileType = sourcecode.swift; path = DashboardView.swift; sourceTree = "<group>"; };
		7E5301EC2C74F98200909048 /* JournalView.swift */ = {isa = PBXFileReference; lastKnownFileType = sourcecode.swift; path = JournalView.swift; sourceTree = "<group>"; };
		7E5301EE2C74F99B00909048 /* InventoryView.swift */ = {isa = PBXFileReference; lastKnownFileType = sourcecode.swift; path = InventoryView.swift; sourceTree = "<group>"; };
		7E5301F02C74FD7F00909048 /* ItemRowView.swift */ = {isa = PBXFileReference; lastKnownFileType = sourcecode.swift; path = ItemRowView.swift; sourceTree = "<group>"; };
		7E530BE92CBF2D9200B8DDE8 /* AllItemsAnalyticsView.swift */ = {isa = PBXFileReference; lastKnownFileType = sourcecode.swift; path = AllItemsAnalyticsView.swift; sourceTree = "<group>"; };
		7E530BEB2CBF2E3800B8DDE8 /* SelectedItemAnalyticsView.swift */ = {isa = PBXFileReference; lastKnownFileType = sourcecode.swift; path = SelectedItemAnalyticsView.swift; sourceTree = "<group>"; };
		7E5581372C823E6E00F461EB /* SimpleAnalyticsView.swift */ = {isa = PBXFileReference; lastKnownFileType = sourcecode.swift; path = SimpleAnalyticsView.swift; sourceTree = "<group>"; };
		7E5E2E292CB5B73B00A1C3FC /* UnitsSettingsView.swift */ = {isa = PBXFileReference; lastKnownFileType = sourcecode.swift; path = UnitsSettingsView.swift; sourceTree = "<group>"; };
		7E5E2E2B2CB5B8D100A1C3FC /* AcceptedUnit.swift */ = {isa = PBXFileReference; lastKnownFileType = sourcecode.swift; path = AcceptedUnit.swift; sourceTree = "<group>"; };
		7E5E2E2D2CB5BA2800A1C3FC /* DefaultUnits.swift */ = {isa = PBXFileReference; lastKnownFileType = sourcecode.swift; path = DefaultUnits.swift; sourceTree = "<group>"; };
		7E5E2E2F2CB5BE5C00A1C3FC /* UnitManager.swift */ = {isa = PBXFileReference; lastKnownFileType = sourcecode.swift; path = UnitManager.swift; sourceTree = "<group>"; };
		7E656A2A2C94CECF00C6FD6A /* PillStyle.swift */ = {isa = PBXFileReference; lastKnownFileType = sourcecode.swift; path = PillStyle.swift; sourceTree = "<group>"; };
		7E656A2C2C94DB4500C6FD6A /* TerpeneView.swift */ = {isa = PBXFileReference; lastKnownFileType = sourcecode.swift; path = TerpeneView.swift; sourceTree = "<group>"; };
		7E6BC8AC2CAC6E35007AC9AF /* GradientButtonStyle.swift */ = {isa = PBXFileReference; lastKnownFileType = sourcecode.swift; path = GradientButtonStyle.swift; sourceTree = "<group>"; };
		7E6BC8B02CAC8BC7007AC9AF /* CloseButtonStyle.swift */ = {isa = PBXFileReference; lastKnownFileType = sourcecode.swift; path = CloseButtonStyle.swift; sourceTree = "<group>"; };
		7E6BC8B22CAC99D5007AC9AF /* MoodAnalyticsView.swift */ = {isa = PBXFileReference; lastKnownFileType = sourcecode.swift; path = MoodAnalyticsView.swift; sourceTree = "<group>"; };
		7E70B97B2C9214980092ECE7 /* Mood.swift */ = {isa = PBXFileReference; lastKnownFileType = sourcecode.swift; path = Mood.swift; sourceTree = "<group>"; };
		7E70B97D2C9214BC0092ECE7 /* Flavor.swift */ = {isa = PBXFileReference; lastKnownFileType = sourcecode.swift; path = Flavor.swift; sourceTree = "<group>"; };
		7E70B9812C9254830092ECE7 /* SessionLogButtonStyle.swift */ = {isa = PBXFileReference; lastKnownFileType = sourcecode.swift; path = SessionLogButtonStyle.swift; sourceTree = "<group>"; };
		7E70B9832C9256790092ECE7 /* EditorInputButton.swift */ = {isa = PBXFileReference; lastKnownFileType = sourcecode.swift; path = EditorInputButton.swift; sourceTree = "<group>"; };
		7E70B9852C925BCD0092ECE7 /* Double.swift */ = {isa = PBXFileReference; lastKnownFileType = sourcecode.swift; path = Double.swift; sourceTree = "<group>"; };
		7E7349B62C80EEC800262930 /* ItemsListView.swift */ = {isa = PBXFileReference; lastKnownFileType = sourcecode.swift; path = ItemsListView.swift; sourceTree = "<group>"; };
		7E7349B82C81148B00262930 /* SessionsListView.swift */ = {isa = PBXFileReference; lastKnownFileType = sourcecode.swift; path = SessionsListView.swift; sourceTree = "<group>"; };
		7E7349BA2C811BE300262930 /* CalendarView.swift */ = {isa = PBXFileReference; lastKnownFileType = sourcecode.swift; path = CalendarView.swift; sourceTree = "<group>"; };
		7E7DDC182C66A8730057F983 /* ItemEditorView.swift */ = {isa = PBXFileReference; lastKnownFileType = sourcecode.swift; path = ItemEditorView.swift; sourceTree = "<group>"; };
		7E80B7FA2CA9FDA400E9CDD1 /* EditableHorizontalImagesView.swift */ = {isa = PBXFileReference; lastKnownFileType = sourcecode.swift; path = EditableHorizontalImagesView.swift; sourceTree = "<group>"; };
		7E81C3452CAA17C7006E9DD3 /* AddView.swift */ = {isa = PBXFileReference; lastKnownFileType = sourcecode.swift; path = AddView.swift; sourceTree = "<group>"; };
		7E951CFF2C73D10E0023922C /* ItemCardView.swift */ = {isa = PBXFileReference; lastKnownFileType = sourcecode.swift; path = ItemCardView.swift; sourceTree = "<group>"; };
		7E951D042C73E7E20023922C /* CompactSessionCardView.swift */ = {isa = PBXFileReference; lastKnownFileType = sourcecode.swift; path = CompactSessionCardView.swift; sourceTree = "<group>"; };
		7E9ACB512CA1F67400CFF92D /* TagStyle.swift */ = {isa = PBXFileReference; lastKnownFileType = sourcecode.swift; path = TagStyle.swift; sourceTree = "<group>"; };
		7EB685532CA48DCD002C1759 /* ImagesPicker.swift */ = {isa = PBXFileReference; lastKnownFileType = sourcecode.swift; path = ImagesPicker.swift; sourceTree = "<group>"; };
		7EC008E92C5EEDE80093217B /* Chronicle.app */ = {isa = PBXFileReference; explicitFileType = wrapper.application; includeInIndex = 0; path = Chronicle.app; sourceTree = BUILT_PRODUCTS_DIR; };
		7EC008EC2C5EEDE80093217B /* ChronicleApp.swift */ = {isa = PBXFileReference; lastKnownFileType = sourcecode.swift; path = ChronicleApp.swift; sourceTree = "<group>"; };
		7EC008EE2C5EEDE80093217B /* ContentView.swift */ = {isa = PBXFileReference; lastKnownFileType = sourcecode.swift; path = ContentView.swift; sourceTree = "<group>"; };
		7EC008F02C5EEDE80093217B /* Item.swift */ = {isa = PBXFileReference; lastKnownFileType = sourcecode.swift; path = Item.swift; sourceTree = "<group>"; };
		7EC008F22C5EEDEA0093217B /* Assets.xcassets */ = {isa = PBXFileReference; lastKnownFileType = folder.assetcatalog; path = Assets.xcassets; sourceTree = "<group>"; };
		7EC008F52C5EEDEA0093217B /* Preview Assets.xcassets */ = {isa = PBXFileReference; lastKnownFileType = folder.assetcatalog; path = "Preview Assets.xcassets"; sourceTree = "<group>"; };
		7EC009012C5EF1F70093217B /* Strain.swift */ = {isa = PBXFileReference; lastKnownFileType = sourcecode.swift; path = Strain.swift; sourceTree = "<group>"; };
		7EC3D96C2CC0529F00E6522C /* Wellness.swift */ = {isa = PBXFileReference; lastKnownFileType = sourcecode.swift; path = Wellness.swift; sourceTree = "<group>"; };
		7EC3D96E2CC0534100E6522C /* WellnessEntry.swift */ = {isa = PBXFileReference; lastKnownFileType = sourcecode.swift; path = WellnessEntry.swift; sourceTree = "<group>"; };
		7EC3D9702CC0571D00E6522C /* LogsPickerView.swift */ = {isa = PBXFileReference; lastKnownFileType = sourcecode.swift; path = LogsPickerView.swift; sourceTree = "<group>"; };
		7EC3D9722CC0740200E6522C /* WellnessSelectorView.swift */ = {isa = PBXFileReference; lastKnownFileType = sourcecode.swift; path = WellnessSelectorView.swift; sourceTree = "<group>"; };
		7ECAE68A2CA86A0B00ECEFD9 /* AudioPlayerView.swift */ = {isa = PBXFileReference; lastKnownFileType = sourcecode.swift; path = AudioPlayerView.swift; sourceTree = "<group>"; };
		7ECAE68C2CA86A9D00ECEFD9 /* Format.swift */ = {isa = PBXFileReference; lastKnownFileType = sourcecode.swift; path = Format.swift; sourceTree = "<group>"; };
		7ECAE6912CA87B9400ECEFD9 /* Accessory.swift */ = {isa = PBXFileReference; lastKnownFileType = sourcecode.swift; path = Accessory.swift; sourceTree = "<group>"; };
		7ECAE6942CA8805600ECEFD9 /* AccessoryEditorView.swift */ = {isa = PBXFileReference; lastKnownFileType = sourcecode.swift; path = AccessoryEditorView.swift; sourceTree = "<group>"; };
		7ECAE6972CA8934700ECEFD9 /* AccessoryListView.swift */ = {isa = PBXFileReference; lastKnownFileType = sourcecode.swift; path = AccessoryListView.swift; sourceTree = "<group>"; };
		7ECAE6992CA8936D00ECEFD9 /* AccessoryRowView.swift */ = {isa = PBXFileReference; lastKnownFileType = sourcecode.swift; path = AccessoryRowView.swift; sourceTree = "<group>"; };
		7ECAE69B2CA8937400ECEFD9 /* AccessoryDetailsView.swift */ = {isa = PBXFileReference; lastKnownFileType = sourcecode.swift; path = AccessoryDetailsView.swift; sourceTree = "<group>"; };
		7ECAFC262C6410340056A44E /* Session.swift */ = {isa = PBXFileReference; lastKnownFileType = sourcecode.swift; path = Session.swift; sourceTree = "<group>"; };
		7ECAFC292C6421310056A44E /* SampleData.swift */ = {isa = PBXFileReference; lastKnownFileType = sourcecode.swift; path = SampleData.swift; sourceTree = "<group>"; };
		7ECDBAA92CC1B9FD0036BA33 /* HeaderTitle.swift */ = {isa = PBXFileReference; lastKnownFileType = sourcecode.swift; path = HeaderTitle.swift; sourceTree = "<group>"; };
		7ECFA5342CAB053F00BC5E54 /* ContinuousCalendarView.swift */ = {isa = PBXFileReference; lastKnownFileType = sourcecode.swift; path = ContinuousCalendarView.swift; sourceTree = "<group>"; };
		7ECFA53A2CAB279C00BC5E54 /* Calendar.swift */ = {isa = PBXFileReference; lastKnownFileType = sourcecode.swift; path = Calendar.swift; sourceTree = "<group>"; };
		7ECFA53C2CAB475C00BC5E54 /* WeekScrollerView.swift */ = {isa = PBXFileReference; lastKnownFileType = sourcecode.swift; path = WeekScrollerView.swift; sourceTree = "<group>"; };
		7ED0D7FF2CA8ABFF00FF8D8A /* InfoPillStyle.swift */ = {isa = PBXFileReference; lastKnownFileType = sourcecode.swift; path = InfoPillStyle.swift; sourceTree = "<group>"; };
		7ED0D8012CA8C05D00FF8D8A /* SessionRowView.swift */ = {isa = PBXFileReference; lastKnownFileType = sourcecode.swift; path = SessionRowView.swift; sourceTree = "<group>"; };
		7ED0D8052CA8C4FC00FF8D8A /* AccessoriesSelectorView.swift */ = {isa = PBXFileReference; lastKnownFileType = sourcecode.swift; path = AccessoriesSelectorView.swift; sourceTree = "<group>"; };
		7ED7478C2C8A909E00F07679 /* NotesEditorView.swift */ = {isa = PBXFileReference; lastKnownFileType = sourcecode.swift; path = NotesEditorView.swift; sourceTree = "<group>"; };
		7ED7478E2C8BA9A100F07679 /* MoodSelectorView.swift */ = {isa = PBXFileReference; lastKnownFileType = sourcecode.swift; path = MoodSelectorView.swift; sourceTree = "<group>"; };
		7ED747902C8BB3F100F07679 /* CustomSliderView.swift */ = {isa = PBXFileReference; lastKnownFileType = sourcecode.swift; path = CustomSliderView.swift; sourceTree = "<group>"; };
		7ED747922C8BC67B00F07679 /* CGFloat.swift */ = {isa = PBXFileReference; lastKnownFileType = sourcecode.swift; path = CGFloat.swift; sourceTree = "<group>"; };
		7EDFFA522CA1EB640033163E /* Tag.swift */ = {isa = PBXFileReference; lastKnownFileType = sourcecode.swift; path = Tag.swift; sourceTree = "<group>"; };
		7EDFFA552CA1ED430033163E /* TagEditorView.swift */ = {isa = PBXFileReference; lastKnownFileType = sourcecode.swift; path = TagEditorView.swift; sourceTree = "<group>"; };
		7EE6261C2C6A948500448F80 /* ItemType.swift */ = {isa = PBXFileReference; lastKnownFileType = sourcecode.swift; path = ItemType.swift; sourceTree = "<group>"; };
		7EE6261F2C6AC40D00448F80 /* CannabinoidInputView.swift */ = {isa = PBXFileReference; lastKnownFileType = sourcecode.swift; path = CannabinoidInputView.swift; sourceTree = "<group>"; };
		7EE626212C6ACA4B00448F80 /* TerpeneInputView.swift */ = {isa = PBXFileReference; lastKnownFileType = sourcecode.swift; path = TerpeneInputView.swift; sourceTree = "<group>"; };
		7EE626232C6ACE4B00448F80 /* IngredientsInputView.swift */ = {isa = PBXFileReference; lastKnownFileType = sourcecode.swift; path = IngredientsInputView.swift; sourceTree = "<group>"; };
		7EF0BB152C6D3A2D0068542D /* ItemDetailsView.swift */ = {isa = PBXFileReference; lastKnownFileType = sourcecode.swift; path = ItemDetailsView.swift; sourceTree = "<group>"; };
		7EF0BB172C6D3CDD0068542D /* Samples.swift */ = {isa = PBXFileReference; lastKnownFileType = sourcecode.swift; path = Samples.swift; sourceTree = "<group>"; };
		7EF2D0592CB8706E00D72BAC /* InventoryTransaction.swift */ = {isa = PBXFileReference; lastKnownFileType = sourcecode.swift; path = InventoryTransaction.swift; sourceTree = "<group>"; };
		7EF2D05B2CB8893900D72BAC /* PurchaseInputView.swift */ = {isa = PBXFileReference; lastKnownFileType = sourcecode.swift; path = PurchaseInputView.swift; sourceTree = "<group>"; };
		7EF2D05D2CB8D9BE00D72BAC /* TransactionHistoryView.swift */ = {isa = PBXFileReference; lastKnownFileType = sourcecode.swift; path = TransactionHistoryView.swift; sourceTree = "<group>"; };
		7EF2D05F2CB989F100D72BAC /* InventoryAdjustment.swift */ = {isa = PBXFileReference; lastKnownFileType = sourcecode.swift; path = InventoryAdjustment.swift; sourceTree = "<group>"; };
		7EF2D0622CB98ACF00D72BAC /* InventoryError.swift */ = {isa = PBXFileReference; lastKnownFileType = sourcecode.swift; path = InventoryError.swift; sourceTree = "<group>"; };
		7EF2D0642CB9B8FE00D72BAC /* InventorySnapshot.swift */ = {isa = PBXFileReference; lastKnownFileType = sourcecode.swift; path = InventorySnapshot.swift; sourceTree = "<group>"; };
		7EF2D0662CB9C43800D72BAC /* AmountAdjustmentView.swift */ = {isa = PBXFileReference; lastKnownFileType = sourcecode.swift; path = AmountAdjustmentView.swift; sourceTree = "<group>"; };
		7EFA15372CAA51DF00F54CE5 /* AddContentSheets.swift */ = {isa = PBXFileReference; lastKnownFileType = sourcecode.swift; path = AddContentSheets.swift; sourceTree = "<group>"; };
		7EFCC60E2C7E6DC90090588D /* Emotion.swift */ = {isa = PBXFileReference; lastKnownFileType = sourcecode.swift; path = Emotion.swift; sourceTree = "<group>"; };
		7EFCC6102C7E6F040090588D /* Compound.swift */ = {isa = PBXFileReference; lastKnownFileType = sourcecode.swift; path = Compound.swift; sourceTree = "<group>"; };
		7EFCC6122C7E6F420090588D /* Amount.swift */ = {isa = PBXFileReference; lastKnownFileType = sourcecode.swift; path = Amount.swift; sourceTree = "<group>"; };
		7EFCDE332CADDDEF002D68AC /* MoodPieChartView.swift */ = {isa = PBXFileReference; lastKnownFileType = sourcecode.swift; path = MoodPieChartView.swift; sourceTree = "<group>"; };
		7EFCDE352CADFB7A002D68AC /* ItemAnalyticsView.swift */ = {isa = PBXFileReference; lastKnownFileType = sourcecode.swift; path = ItemAnalyticsView.swift; sourceTree = "<group>"; };
		7EFCDE372CAE0681002D68AC /* ItemTypeDistributionChartView.swift */ = {isa = PBXFileReference; lastKnownFileType = sourcecode.swift; path = ItemTypeDistributionChartView.swift; sourceTree = "<group>"; };
		7EFCDE3C2CAE0D16002D68AC /* ItemMoodInsightsView.swift */ = {isa = PBXFileReference; lastKnownFileType = sourcecode.swift; path = ItemMoodInsightsView.swift; sourceTree = "<group>"; };
		7EFCDE3E2CAE12CC002D68AC /* TopEmotionsChartView.swift */ = {isa = PBXFileReference; lastKnownFileType = sourcecode.swift; path = TopEmotionsChartView.swift; sourceTree = "<group>"; };
		7EFCDE402CAE210D002D68AC /* ItemEmotionsView.swift */ = {isa = PBXFileReference; lastKnownFileType = sourcecode.swift; path = ItemEmotionsView.swift; sourceTree = "<group>"; };
/* End PBXFileReference section */

/* Begin PBXFrameworksBuildPhase section */
		7EC008E62C5EEDE80093217B /* Frameworks */ = {
			isa = PBXFrameworksBuildPhase;
			buildActionMask = 2147483647;
			files = (
			);
			runOnlyForDeploymentPostprocessing = 0;
		};
/* End PBXFrameworksBuildPhase section */

/* Begin PBXGroup section */
		7E08D4172C6BD80600F96328 /* StrainEditor */ = {
			isa = PBXGroup;
			children = (
				7E08D4182C6BD95700F96328 /* StrainEditorView.swift */,
			);
			path = StrainEditor;
			sourceTree = "<group>";
		};
		7E08D41A2C6BD99100F96328 /* Strain */ = {
			isa = PBXGroup;
			children = (
				7EC009012C5EF1F70093217B /* Strain.swift */,
				7E08D41B2C6BD9A400F96328 /* StrainType.swift */,
			);
			path = Strain;
			sourceTree = "<group>";
		};
		7E08D41F2C6BF6C000F96328 /* SessionEditor */ = {
			isa = PBXGroup;
			children = (
				7E08D4202C6BF6DB00F96328 /* SessionEditorView.swift */,
				7E08D4222C6BFB4400F96328 /* TimePickerWheel.swift */,
				7E3B557B2C8A2EFD00AB0961 /* DurationPickerView.swift */,
				7ED7478C2C8A909E00F07679 /* NotesEditorView.swift */,
				7ED0D8052CA8C4FC00FF8D8A /* AccessoriesSelectorView.swift */,
				7E26DF812CAF57DA00F54E00 /* LocationSelectorView.swift */,
				7ECDBAA52CC1B7F50036BA33 /* Logs */,
			);
			path = SessionEditor;
			sourceTree = "<group>";
		};
		7E2504DB2C768CA900496296 /* UI */ = {
			isa = PBXGroup;
			children = (
				7E26DF7D2CAF352300F54E00 /* Editors */,
				7E656A262C94CD3A00C6FD6A /* Styles */,
				7E523C1A2C77E0DE005B6186 /* Images */,
				7E08D41D2C6BEE7700F96328 /* BackgroundView.swift */,
				7E81C3452CAA17C7006E9DD3 /* AddView.swift */,
				7EFA15372CAA51DF00F54CE5 /* AddContentSheets.swift */,
				7ECDBAA72CC1B83D0036BA33 /* Components */,
			);
			path = UI;
			sourceTree = "<group>";
		};
		7E2504E02C769BEF00496296 /* Details */ = {
			isa = PBXGroup;
			children = (
				7EFCC6102C7E6F040090588D /* Compound.swift */,
				7EE6261C2C6A948500448F80 /* ItemType.swift */,
			);
			path = Details;
			sourceTree = "<group>";
		};
		7E26DF762CAF342400F54E00 /* App */ = {
			isa = PBXGroup;
			children = (
				7EC008EC2C5EEDE80093217B /* ChronicleApp.swift */,
				7EC008EE2C5EEDE80093217B /* ContentView.swift */,
			);
			path = App;
			sourceTree = "<group>";
		};
		7E26DF782CAF343B00F54E00 /* Dashboard */ = {
			isa = PBXGroup;
			children = (
				7E5301EA2C74F97500909048 /* DashboardView.swift */,
			);
			path = Dashboard;
			sourceTree = "<group>";
		};
		7E26DF792CAF345100F54E00 /* Journal */ = {
			isa = PBXGroup;
			children = (
				7E951D032C73E7C70023922C /* Session */,
				7E26DF802CAF3AED00F54E00 /* Search */,
				7E5301EC2C74F98200909048 /* JournalView.swift */,
			);
			path = Journal;
			sourceTree = "<group>";
		};
		7E26DF7A2CAF345700F54E00 /* Inventory */ = {
			isa = PBXGroup;
			children = (
				7E951D012C73D1140023922C /* Item */,
				7ECAE6962CA8933400ECEFD9 /* Accessory */,
				7E5301E42C74490300909048 /* Strain */,
				7E26DF7C2CAF34AB00F54E00 /* Lists */,
				7E5301EE2C74F99B00909048 /* InventoryView.swift */,
			);
			path = Inventory;
			sourceTree = "<group>";
		};
		7E26DF7C2CAF34AB00F54E00 /* Lists */ = {
			isa = PBXGroup;
			children = (
				7E26DF722CAF1E5300F54E00 /* StrainListView.swift */,
				7E7349B62C80EEC800262930 /* ItemsListView.swift */,
				7ECAE6972CA8934700ECEFD9 /* AccessoryListView.swift */,
			);
			path = Lists;
			sourceTree = "<group>";
		};
		7E26DF7D2CAF352300F54E00 /* Editors */ = {
			isa = PBXGroup;
			children = (
				7EE6261E2C6AC3F300448F80 /* ItemEditor */,
				7E08D4172C6BD80600F96328 /* StrainEditor */,
				7E08D41F2C6BF6C000F96328 /* SessionEditor */,
				7ECAE6932CA8803D00ECEFD9 /* AccessoryEditor */,
				7EDFFA542CA1ED2F0033163E /* Tags */,
			);
			path = Editors;
			sourceTree = "<group>";
		};
		7E26DF802CAF3AED00F54E00 /* Search */ = {
			isa = PBXGroup;
			children = (
				7E26DF7E2CAF384500F54E00 /* SearchView.swift */,
			);
			path = Search;
			sourceTree = "<group>";
		};
		7E309D9A2C7936DD0004A25A /* Managers */ = {
			isa = PBXGroup;
			children = (
				7E4540372CA7766600ADB083 /* AudioPlayer.swift */,
				7E4540352CA76DD200ADB083 /* AudioRecorder.swift */,
				7E309D9B2C7936EC0004A25A /* ImageViewManager.swift */,
				7E5E2E2F2CB5BE5C00A1C3FC /* UnitManager.swift */,
			);
			path = Managers;
			sourceTree = "<group>";
		};
		7E3B557F2C8A4D0900AB0961 /* Extensions */ = {
			isa = PBXGroup;
			children = (
				7E0DE5252CA5D5A6003C0642 /* Date.swift */,
				7E70B9852C925BCD0092ECE7 /* Double.swift */,
				7E3B55822C8A524D00AB0961 /* Binding.swift */,
				7ED747922C8BC67B00F07679 /* CGFloat.swift */,
				7ECFA53A2CAB279C00BC5E54 /* Calendar.swift */,
			);
			path = Extensions;
			sourceTree = "<group>";
		};
		7E45402B2CA7535D00ADB083 /* Settings */ = {
			isa = PBXGroup;
			children = (
				7E45402C2CA7536A00ADB083 /* SettingsView.swift */,
				7E45402E2CA753AF00ADB083 /* AppearanceView.swift */,
				7E5E2E292CB5B73B00A1C3FC /* UnitsSettingsView.swift */,
			);
			path = Settings;
			sourceTree = "<group>";
		};
		7E4540302CA755DB00ADB083 /* Utility */ = {
			isa = PBXGroup;
			children = (
				7EF2D0612CB98AC100D72BAC /* Errors */,
				7E4540312CA755F900ADB083 /* DisplayMode.swift */,
				7E2504D92C76838500496296 /* ColorData.swift */,
				7E164A612CA4C70C008996F1 /* DateFilter.swift */,
				7ECAE68C2CA86A9D00ECEFD9 /* Format.swift */,
				7E5E2E2B2CB5B8D100A1C3FC /* AcceptedUnit.swift */,
				7E5E2E2D2CB5BA2800A1C3FC /* DefaultUnits.swift */,
			);
			path = Utility;
			sourceTree = "<group>";
		};
		7E523C1A2C77E0DE005B6186 /* Images */ = {
			isa = PBXGroup;
			children = (
				7E2504DE2C7693F200496296 /* ImageCarouselView.swift */,
				7E523C182C77BFD6005B6186 /* ImageGridView.swift */,
				7E309D982C792DF40004A25A /* ImageViewerView.swift */,
				7E3B557D2C8A3AEF00AB0961 /* HorizontalImagesView.swift */,
				7E80B7FA2CA9FDA400E9CDD1 /* EditableHorizontalImagesView.swift */,
			);
			path = Images;
			sourceTree = "<group>";
		};
		7E5301E42C74490300909048 /* Strain */ = {
			isa = PBXGroup;
			children = (
				7E5301E72C74F44000909048 /* StrainDetailsView.swift */,
				7E26DF742CAF219A00F54E00 /* StrainRowView.swift */,
			);
			path = Strain;
			sourceTree = "<group>";
		};
		7E530BED2CBF431E00B8DDE8 /* Session */ = {
			isa = PBXGroup;
			children = (
				7E164A5F2CA4C565008996F1 /* UsagePatternsView.swift */,
			);
			path = Session;
			sourceTree = "<group>";
		};
		7E5581362C823CD700F461EB /* Analytics */ = {
			isa = PBXGroup;
			children = (
				7E0DE5232CA5CDF8003C0642 /* AnalyticsView.swift */,
				7E5581372C823E6E00F461EB /* SimpleAnalyticsView.swift */,
				7EFCDE3B2CAE0CAB002D68AC /* Item */,
				7E530BED2CBF431E00B8DDE8 /* Session */,
				7EFCDE322CADDDD8002D68AC /* Mood */,
			);
			path = Analytics;
			sourceTree = "<group>";
		};
		7E656A262C94CD3A00C6FD6A /* Styles */ = {
			isa = PBXGroup;
			children = (
				7ECDBAA82CC1B9B60036BA33 /* Text */,
				7E70B9802C9253450092ECE7 /* Button */,
				7E9ACB512CA1F67400CFF92D /* TagStyle.swift */,
				7E656A2A2C94CECF00C6FD6A /* PillStyle.swift */,
				7ED0D7FF2CA8ABFF00FF8D8A /* InfoPillStyle.swift */,
				7E656A2C2C94DB4500C6FD6A /* TerpeneView.swift */,
			);
			path = Styles;
			sourceTree = "<group>";
		};
		7E70B97F2C9218D50092ECE7 /* Session */ = {
			isa = PBXGroup;
			children = (
				7E26DF832CB0623900F54E00 /* LocationInfo.swift */,
				7ECAFC262C6410340056A44E /* Session.swift */,
			);
			path = Session;
			sourceTree = "<group>";
		};
		7E70B9802C9253450092ECE7 /* Button */ = {
			isa = PBXGroup;
			children = (
				7E70B9832C9256790092ECE7 /* EditorInputButton.swift */,
				7E70B9812C9254830092ECE7 /* SessionLogButtonStyle.swift */,
				7E6BC8AC2CAC6E35007AC9AF /* GradientButtonStyle.swift */,
				7E6BC8B02CAC8BC7007AC9AF /* CloseButtonStyle.swift */,
			);
			path = Button;
			sourceTree = "<group>";
		};
		7E951D012C73D1140023922C /* Item */ = {
			isa = PBXGroup;
			children = (
				7E951CFF2C73D10E0023922C /* ItemCardView.swift */,
				7EF0BB152C6D3A2D0068542D /* ItemDetailsView.swift */,
				7E5301F02C74FD7F00909048 /* ItemRowView.swift */,
				7E1D08732C979CD5004B39D5 /* PurchaseRowView.swift */,
				7EFCDE402CAE210D002D68AC /* ItemEmotionsView.swift */,
				7EF2D05D2CB8D9BE00D72BAC /* TransactionHistoryView.swift */,
				7EF2D0662CB9C43800D72BAC /* AmountAdjustmentView.swift */,
			);
			path = Item;
			sourceTree = "<group>";
		};
		7E951D032C73E7C70023922C /* Session */ = {
			isa = PBXGroup;
			children = (
				7E951D042C73E7E20023922C /* CompactSessionCardView.swift */,
				7E523C162C77990D005B6186 /* SessionDetailsView.swift */,
				7E7349B82C81148B00262930 /* SessionsListView.swift */,
				7ED0D8012CA8C05D00FF8D8A /* SessionRowView.swift */,
			);
			path = Session;
			sourceTree = "<group>";
		};
		7EB685522CA48DB9002C1759 /* Utility */ = {
			isa = PBXGroup;
			children = (
				7ECAE6892CA869C100ECEFD9 /* Audio */,
				7EB685532CA48DCD002C1759 /* ImagesPicker.swift */,
				7E4540332CA7572300ADB083 /* ColorSchemeViewModifier.swift */,
			);
			path = Utility;
			sourceTree = "<group>";
		};
		7EC008E02C5EEDE80093217B = {
			isa = PBXGroup;
			children = (
				7EC008EB2C5EEDE80093217B /* Chronicle */,
				7EC008EA2C5EEDE80093217B /* Products */,
			);
			sourceTree = "<group>";
		};
		7EC008EA2C5EEDE80093217B /* Products */ = {
			isa = PBXGroup;
			children = (
				7EC008E92C5EEDE80093217B /* Chronicle.app */,
			);
			name = Products;
			sourceTree = "<group>";
		};
		7EC008EB2C5EEDE80093217B /* Chronicle */ = {
			isa = PBXGroup;
			children = (
				7E3AE9BC2CB585C800EC45CB /* Info.plist */,
				7E3AE9BB2CB5852000EC45CB /* Chronicle.entitlements */,
				7E26DF762CAF342400F54E00 /* App */,
				7E26DF782CAF343B00F54E00 /* Dashboard */,
				7E26DF792CAF345100F54E00 /* Journal */,
				7E26DF7A2CAF345700F54E00 /* Inventory */,
				7E5581362C823CD700F461EB /* Analytics */,
				7E45402B2CA7535D00ADB083 /* Settings */,
				7E2504DB2C768CA900496296 /* UI */,
				7EB685522CA48DB9002C1759 /* Utility */,
				7E3C636F2C76CD1B009A3AF9 /* SharedModelContainer.swift */,
				7EC008F22C5EEDEA0093217B /* Assets.xcassets */,
				7EC008FC2C5EF1A00093217B /* Data */,
				7EC008F42C5EEDEA0093217B /* Preview Content */,
			);
			path = Chronicle;
			sourceTree = "<group>";
		};
		7EC008F42C5EEDEA0093217B /* Preview Content */ = {
			isa = PBXGroup;
			children = (
				7EC008F52C5EEDEA0093217B /* Preview Assets.xcassets */,
				7ECAFC292C6421310056A44E /* SampleData.swift */,
				7EF0BB172C6D3CDD0068542D /* Samples.swift */,
			);
			path = "Preview Content";
			sourceTree = "<group>";
		};
		7EC008FC2C5EF1A00093217B /* Data */ = {
			isa = PBXGroup;
			children = (
				7EF2D0562CB864E500D72BAC /* Inventory */,
				7ECAE6902CA87B8D00ECEFD9 /* Accessory */,
				7EE6261B2C6A947700448F80 /* Item */,
				7EF2D0552CB864D700D72BAC /* Purchase */,
				7E70B97F2C9218D50092ECE7 /* Session */,
				7E08D41A2C6BD99100F96328 /* Strain */,
				7EDFFA512CA1EB4D0033163E /* Tag */,
				7EFCC6092C7E6DA20090588D /* Traits */,
				7E3B557F2C8A4D0900AB0961 /* Extensions */,
				7E309D9A2C7936DD0004A25A /* Managers */,
				7E4540302CA755DB00ADB083 /* Utility */,
			);
			path = Data;
			sourceTree = "<group>";
		};
		7EC3D96B2CC0529500E6522C /* Wellness */ = {
			isa = PBXGroup;
			children = (
				7EC3D96C2CC0529F00E6522C /* Wellness.swift */,
				7EC3D96E2CC0534100E6522C /* WellnessEntry.swift */,
			);
			path = Wellness;
			sourceTree = "<group>";
		};
		7ECAE6892CA869C100ECEFD9 /* Audio */ = {
			isa = PBXGroup;
			children = (
				7E4540392CA7776B00ADB083 /* VoiceRecordingView.swift */,
				7ECAE68A2CA86A0B00ECEFD9 /* AudioPlayerView.swift */,
			);
			path = Audio;
			sourceTree = "<group>";
		};
		7ECAE6902CA87B8D00ECEFD9 /* Accessory */ = {
			isa = PBXGroup;
			children = (
				7ECAE6912CA87B9400ECEFD9 /* Accessory.swift */,
			);
			path = Accessory;
			sourceTree = "<group>";
		};
		7ECAE6932CA8803D00ECEFD9 /* AccessoryEditor */ = {
			isa = PBXGroup;
			children = (
				7ECAE6942CA8805600ECEFD9 /* AccessoryEditorView.swift */,
			);
			path = AccessoryEditor;
			sourceTree = "<group>";
		};
		7ECAE6962CA8933400ECEFD9 /* Accessory */ = {
			isa = PBXGroup;
			children = (
				7ECAE6992CA8936D00ECEFD9 /* AccessoryRowView.swift */,
				7ECAE69B2CA8937400ECEFD9 /* AccessoryDetailsView.swift */,
			);
			path = Accessory;
			sourceTree = "<group>";
		};
		7ECDBAA42CC1B7ED0036BA33 /* Wellness */ = {
			isa = PBXGroup;
			children = (
				7EC3D9722CC0740200E6522C /* WellnessSelectorView.swift */,
			);
			path = Wellness;
			sourceTree = "<group>";
		};
		7ECDBAA52CC1B7F50036BA33 /* Logs */ = {
			isa = PBXGroup;
			children = (
				7EC3D9702CC0571D00E6522C /* LogsPickerView.swift */,
				7ECDBAA62CC1B7F90036BA33 /* Mood */,
				7ECDBAA42CC1B7ED0036BA33 /* Wellness */,
			);
			path = Logs;
			sourceTree = "<group>";
		};
		7ECDBAA62CC1B7F90036BA33 /* Mood */ = {
			isa = PBXGroup;
			children = (
				7ED7478E2C8BA9A100F07679 /* MoodSelectorView.swift */,
				7E079F872C8CFE4E009391D0 /* MoodDescriptorSelectView.swift */,
			);
			path = Mood;
			sourceTree = "<group>";
		};
		7ECDBAA72CC1B83D0036BA33 /* Components */ = {
			isa = PBXGroup;
			children = (
				7ED747902C8BB3F100F07679 /* CustomSliderView.swift */,
				7E7349BA2C811BE300262930 /* CalendarView.swift */,
				7ECFA5342CAB053F00BC5E54 /* ContinuousCalendarView.swift */,
				7E2504DC2C768CDB00496296 /* DetailSection.swift */,
				7E3E7DBF2CB70CFF0072B6E5 /* SettingsHeader.swift */,
				7ECFA53C2CAB475C00BC5E54 /* WeekScrollerView.swift */,
			);
			path = Components;
			sourceTree = "<group>";
		};
		7ECDBAA82CC1B9B60036BA33 /* Text */ = {
			isa = PBXGroup;
			children = (
				7ECDBAA92CC1B9FD0036BA33 /* HeaderTitle.swift */,
			);
			path = Text;
			sourceTree = "<group>";
		};
		7EDFFA512CA1EB4D0033163E /* Tag */ = {
			isa = PBXGroup;
			children = (
				7EDFFA522CA1EB640033163E /* Tag.swift */,
			);
			path = Tag;
			sourceTree = "<group>";
		};
		7EDFFA542CA1ED2F0033163E /* Tags */ = {
			isa = PBXGroup;
			children = (
				7EDFFA552CA1ED430033163E /* TagEditorView.swift */,
			);
			path = Tags;
			sourceTree = "<group>";
		};
		7EE6261B2C6A947700448F80 /* Item */ = {
			isa = PBXGroup;
			children = (
				7E2504E02C769BEF00496296 /* Details */,
				7EC008F02C5EEDE80093217B /* Item.swift */,
			);
			path = Item;
			sourceTree = "<group>";
		};
		7EE6261E2C6AC3F300448F80 /* ItemEditor */ = {
			isa = PBXGroup;
			children = (
				7E7DDC182C66A8730057F983 /* ItemEditorView.swift */,
				7EE6261F2C6AC40D00448F80 /* CannabinoidInputView.swift */,
				7EE626212C6ACA4B00448F80 /* TerpeneInputView.swift */,
				7EE626232C6ACE4B00448F80 /* IngredientsInputView.swift */,
				7E1D086F2C9782F3004B39D5 /* ItemPurchaseInputView.swift */,
				7EF2D05B2CB8893900D72BAC /* PurchaseInputView.swift */,
			);
			path = ItemEditor;
			sourceTree = "<group>";
		};
		7EF2D0552CB864D700D72BAC /* Purchase */ = {
			isa = PBXGroup;
			children = (
				7E1D086D2C977D15004B39D5 /* Purchase.swift */,
			);
			path = Purchase;
			sourceTree = "<group>";
		};
		7EF2D0562CB864E500D72BAC /* Inventory */ = {
			isa = PBXGroup;
			children = (
				7EFCC6122C7E6F420090588D /* Amount.swift */,
				7EF2D0592CB8706E00D72BAC /* InventoryTransaction.swift */,
				7EF2D0642CB9B8FE00D72BAC /* InventorySnapshot.swift */,
				7EF2D05F2CB989F100D72BAC /* InventoryAdjustment.swift */,
			);
			path = Inventory;
			sourceTree = "<group>";
		};
		7EF2D0612CB98AC100D72BAC /* Errors */ = {
			isa = PBXGroup;
			children = (
				7EF2D0622CB98ACF00D72BAC /* InventoryError.swift */,
			);
			path = Errors;
			sourceTree = "<group>";
		};
		7EFCC6092C7E6DA20090588D /* Traits */ = {
			isa = PBXGroup;
			children = (
				7EC3D96B2CC0529500E6522C /* Wellness */,
				7EFCC60E2C7E6DC90090588D /* Emotion.swift */,
				7E70B97B2C9214980092ECE7 /* Mood.swift */,
				7E70B97D2C9214BC0092ECE7 /* Flavor.swift */,
			);
			path = Traits;
			sourceTree = "<group>";
		};
		7EFCDE322CADDDD8002D68AC /* Mood */ = {
			isa = PBXGroup;
			children = (
				7E6BC8B22CAC99D5007AC9AF /* MoodAnalyticsView.swift */,
				7EFCDE332CADDDEF002D68AC /* MoodPieChartView.swift */,
				7EFCDE372CAE0681002D68AC /* ItemTypeDistributionChartView.swift */,
				7EFCDE3C2CAE0D16002D68AC /* ItemMoodInsightsView.swift */,
				7EFCDE3E2CAE12CC002D68AC /* TopEmotionsChartView.swift */,
			);
			path = Mood;
			sourceTree = "<group>";
		};
		7EFCDE3B2CAE0CAB002D68AC /* Item */ = {
			isa = PBXGroup;
			children = (
				7EFCDE352CADFB7A002D68AC /* ItemAnalyticsView.swift */,
				7E530BE92CBF2D9200B8DDE8 /* AllItemsAnalyticsView.swift */,
				7E530BEB2CBF2E3800B8DDE8 /* SelectedItemAnalyticsView.swift */,
			);
			path = Item;
			sourceTree = "<group>";
		};
/* End PBXGroup section */

/* Begin PBXNativeTarget section */
		7EC008E82C5EEDE80093217B /* Chronicle */ = {
			isa = PBXNativeTarget;
			buildConfigurationList = 7EC008F92C5EEDEA0093217B /* Build configuration list for PBXNativeTarget "Chronicle" */;
			buildPhases = (
				7EC008E52C5EEDE80093217B /* Sources */,
				7EC008E62C5EEDE80093217B /* Frameworks */,
				7EC008E72C5EEDE80093217B /* Resources */,
			);
			buildRules = (
			);
			dependencies = (
			);
			name = Chronicle;
			productName = Chronicle;
			productReference = 7EC008E92C5EEDE80093217B /* Chronicle.app */;
			productType = "com.apple.product-type.application";
		};
/* End PBXNativeTarget section */

/* Begin PBXProject section */
		7EC008E12C5EEDE80093217B /* Project object */ = {
			isa = PBXProject;
			attributes = {
				BuildIndependentTargetsInParallel = 1;
				LastSwiftUpdateCheck = 1540;
				LastUpgradeCheck = 1540;
				TargetAttributes = {
					7EC008E82C5EEDE80093217B = {
						CreatedOnToolsVersion = 15.4;
					};
				};
			};
			buildConfigurationList = 7EC008E42C5EEDE80093217B /* Build configuration list for PBXProject "Chronicle" */;
			compatibilityVersion = "Xcode 14.0";
			developmentRegion = en;
			hasScannedForEncodings = 0;
			knownRegions = (
				en,
				Base,
			);
			mainGroup = 7EC008E02C5EEDE80093217B;
			productRefGroup = 7EC008EA2C5EEDE80093217B /* Products */;
			projectDirPath = "";
			projectRoot = "";
			targets = (
				7EC008E82C5EEDE80093217B /* Chronicle */,
			);
		};
/* End PBXProject section */

/* Begin PBXResourcesBuildPhase section */
		7EC008E72C5EEDE80093217B /* Resources */ = {
			isa = PBXResourcesBuildPhase;
			buildActionMask = 2147483647;
			files = (
				7EC008F62C5EEDEA0093217B /* Preview Assets.xcassets in Resources */,
				7EC008F32C5EEDEA0093217B /* Assets.xcassets in Resources */,
			);
			runOnlyForDeploymentPostprocessing = 0;
		};
/* End PBXResourcesBuildPhase section */

/* Begin PBXSourcesBuildPhase section */
		7EC008E52C5EEDE80093217B /* Sources */ = {
			isa = PBXSourcesBuildPhase;
			buildActionMask = 2147483647;
			files = (
				7ED0D8062CA8C4FC00FF8D8A /* AccessoriesSelectorView.swift in Sources */,
				7ED747932C8BC67B00F07679 /* CGFloat.swift in Sources */,
				7ED747912C8BB3F100F07679 /* CustomSliderView.swift in Sources */,
				7EF2D0672CB9C43800D72BAC /* AmountAdjustmentView.swift in Sources */,
				7EFCDE362CADFB7A002D68AC /* ItemAnalyticsView.swift in Sources */,
				7EF0BB162C6D3A2D0068542D /* ItemDetailsView.swift in Sources */,
				7EB685542CA48DCD002C1759 /* ImagesPicker.swift in Sources */,
				7E08D41E2C6BEE7700F96328 /* BackgroundView.swift in Sources */,
				7E7DDC192C66A8730057F983 /* ItemEditorView.swift in Sources */,
				7E4540342CA7572300ADB083 /* ColorSchemeViewModifier.swift in Sources */,
				7EF0BB182C6D3CDD0068542D /* Samples.swift in Sources */,
				7E0DE5262CA5D5A7003C0642 /* Date.swift in Sources */,
				7EFCDE3D2CAE0D16002D68AC /* ItemMoodInsightsView.swift in Sources */,
				7E3B557E2C8A3AEF00AB0961 /* HorizontalImagesView.swift in Sources */,
				7EC3D9732CC0740200E6522C /* WellnessSelectorView.swift in Sources */,
				7EFCDE412CAE210D002D68AC /* ItemEmotionsView.swift in Sources */,
				7ED0D8022CA8C05D00FF8D8A /* SessionRowView.swift in Sources */,
				7E08D4232C6BFB4400F96328 /* TimePickerWheel.swift in Sources */,
				7E6BC8B32CAC99D5007AC9AF /* MoodAnalyticsView.swift in Sources */,
				7EDFFA562CA1ED430033163E /* TagEditorView.swift in Sources */,
				7EC009022C5EF1F70093217B /* Strain.swift in Sources */,
				7EE6261D2C6A948500448F80 /* ItemType.swift in Sources */,
				7EFCDE3F2CAE12CC002D68AC /* TopEmotionsChartView.swift in Sources */,
				7E656A2D2C94DB4500C6FD6A /* TerpeneView.swift in Sources */,
				7E08D4192C6BD95700F96328 /* StrainEditorView.swift in Sources */,
				7E6BC8AD2CAC6E35007AC9AF /* GradientButtonStyle.swift in Sources */,
				7EDFFA532CA1EB650033163E /* Tag.swift in Sources */,
				7E7349BB2C811BE300262930 /* CalendarView.swift in Sources */,
				7E3E7DC02CB70CFF0072B6E5 /* SettingsHeader.swift in Sources */,
				7E81C3462CAA17C7006E9DD3 /* AddView.swift in Sources */,
				7E45403A2CA7776B00ADB083 /* VoiceRecordingView.swift in Sources */,
				7E523C192C77BFD6005B6186 /* ImageGridView.swift in Sources */,
				7E951D002C73D10E0023922C /* ItemCardView.swift in Sources */,
				7ECAE69C2CA8937400ECEFD9 /* AccessoryDetailsView.swift in Sources */,
				7E164A602CA4C565008996F1 /* UsagePatternsView.swift in Sources */,
				7E7349B92C81148B00262930 /* SessionsListView.swift in Sources */,
				7EFCC6112C7E6F040090588D /* Compound.swift in Sources */,
				7E08D41C2C6BD9A400F96328 /* StrainType.swift in Sources */,
				7E45402F2CA753AF00ADB083 /* AppearanceView.swift in Sources */,
				7E45402D2CA7536A00ADB083 /* SettingsView.swift in Sources */,
				7E309D9C2C7936EC0004A25A /* ImageViewManager.swift in Sources */,
				7ECAFC272C6410340056A44E /* Session.swift in Sources */,
				7EC3D96F2CC0534100E6522C /* WellnessEntry.swift in Sources */,
				7ECAE6922CA87B9800ECEFD9 /* Accessory.swift in Sources */,
				7E5E2E2A2CB5B73B00A1C3FC /* UnitsSettingsView.swift in Sources */,
				7E26DF7F2CAF384500F54E00 /* SearchView.swift in Sources */,
				7EFCDE382CAE0681002D68AC /* ItemTypeDistributionChartView.swift in Sources */,
				7E530BEC2CBF2E3800B8DDE8 /* SelectedItemAnalyticsView.swift in Sources */,
				7EF2D05A2CB8706E00D72BAC /* InventoryTransaction.swift in Sources */,
				7ECAE68B2CA86A0B00ECEFD9 /* AudioPlayerView.swift in Sources */,
				7E4540362CA76DD500ADB083 /* AudioRecorder.swift in Sources */,
				7E523C172C77990D005B6186 /* SessionDetailsView.swift in Sources */,
				7ECAE6952CA8805600ECEFD9 /* AccessoryEditorView.swift in Sources */,
				7E5E2E302CB5BE5C00A1C3FC /* UnitManager.swift in Sources */,
				7E9ACB522CA1F67700CFF92D /* TagStyle.swift in Sources */,
				7E0DE5242CA5CDF8003C0642 /* AnalyticsView.swift in Sources */,
				7EF2D0602CB989F100D72BAC /* InventoryAdjustment.swift in Sources */,
				7E70B97E2C9214BC0092ECE7 /* Flavor.swift in Sources */,
				7EE626202C6AC40D00448F80 /* CannabinoidInputView.swift in Sources */,
				7E5301F12C74FD7F00909048 /* ItemRowView.swift in Sources */,
				7ED7478D2C8A909E00F07679 /* NotesEditorView.swift in Sources */,
				7ECAFC2A2C6421310056A44E /* SampleData.swift in Sources */,
				7EF2D05C2CB8893900D72BAC /* PurchaseInputView.swift in Sources */,
				7E5301E82C74F44000909048 /* StrainDetailsView.swift in Sources */,
				7E5301EF2C74F99B00909048 /* InventoryView.swift in Sources */,
				7E5301ED2C74F98200909048 /* JournalView.swift in Sources */,
				7ECAE68D2CA86A9D00ECEFD9 /* Format.swift in Sources */,
				7E3B557C2C8A2EFD00AB0961 /* DurationPickerView.swift in Sources */,
				7EC008EF2C5EEDE80093217B /* ContentView.swift in Sources */,
				7E1D086E2C977D17004B39D5 /* Purchase.swift in Sources */,
				7E70B9842C92567E0092ECE7 /* EditorInputButton.swift in Sources */,
				7E3C63702C76CD1B009A3AF9 /* SharedModelContainer.swift in Sources */,
				7EFCDE342CADDDEF002D68AC /* MoodPieChartView.swift in Sources */,
				7E08D4212C6BF6DB00F96328 /* SessionEditorView.swift in Sources */,
				7EF2D0632CB98ACF00D72BAC /* InventoryError.swift in Sources */,
				7E164A622CA4C710008996F1 /* DateFilter.swift in Sources */,
				7E70B9862C925BD10092ECE7 /* Double.swift in Sources */,
				7E5E2E2C2CB5B8D100A1C3FC /* AcceptedUnit.swift in Sources */,
				7E1D08742C979CD5004B39D5 /* PurchaseRowView.swift in Sources */,
				7EFCC6132C7E6F420090588D /* Amount.swift in Sources */,
				7E80B7FB2CA9FDA400E9CDD1 /* EditableHorizontalImagesView.swift in Sources */,
				7E1D08702C9782F3004B39D5 /* ItemPurchaseInputView.swift in Sources */,
				7E26DF752CAF219A00F54E00 /* StrainRowView.swift in Sources */,
				7E4540382CA7766900ADB083 /* AudioPlayer.swift in Sources */,
				7E5E2E2E2CB5BA2800A1C3FC /* DefaultUnits.swift in Sources */,
				7E70B9822C9254830092ECE7 /* SessionLogButtonStyle.swift in Sources */,
				7EC3D9712CC0571D00E6522C /* LogsPickerView.swift in Sources */,
				7EF2D0652CB9B8FE00D72BAC /* InventorySnapshot.swift in Sources */,
				7E26DF842CB0623E00F54E00 /* LocationInfo.swift in Sources */,
				7E530BEA2CBF2D9200B8DDE8 /* AllItemsAnalyticsView.swift in Sources */,
				7EFCC60F2C7E6DC90090588D /* Emotion.swift in Sources */,
				7E2504DA2C76838500496296 /* ColorData.swift in Sources */,
				7EE626242C6ACE4B00448F80 /* IngredientsInputView.swift in Sources */,
				7ECDBAAA2CC1BA090036BA33 /* HeaderTitle.swift in Sources */,
				7EC3D96D2CC0529F00E6522C /* Wellness.swift in Sources */,
				7EF2D05E2CB8D9BE00D72BAC /* TransactionHistoryView.swift in Sources */,
				7E079F882C8CFE4E009391D0 /* MoodDescriptorSelectView.swift in Sources */,
				7EFA15382CAA51DF00F54CE5 /* AddContentSheets.swift in Sources */,
				7ECAE69A2CA8936D00ECEFD9 /* AccessoryRowView.swift in Sources */,
				7E3B55832C8A524D00AB0961 /* Binding.swift in Sources */,
				7ECFA5352CAB053F00BC5E54 /* ContinuousCalendarView.swift in Sources */,
				7E7349B72C80EEC800262930 /* ItemsListView.swift in Sources */,
				7E5301EB2C74F97500909048 /* DashboardView.swift in Sources */,
				7ED0D8002CA8ABFF00FF8D8A /* InfoPillStyle.swift in Sources */,
				7EC008F12C5EEDE80093217B /* Item.swift in Sources */,
				7ECFA53D2CAB475C00BC5E54 /* WeekScrollerView.swift in Sources */,
				7E26DF822CAF57DA00F54E00 /* LocationSelectorView.swift in Sources */,
				7E309D992C792DF40004A25A /* ImageViewerView.swift in Sources */,
				7ECAE6982CA8934700ECEFD9 /* AccessoryListView.swift in Sources */,
				7E6BC8B12CAC8BC7007AC9AF /* CloseButtonStyle.swift in Sources */,
				7E70B97C2C9214980092ECE7 /* Mood.swift in Sources */,
				7EC008ED2C5EEDE80093217B /* ChronicleApp.swift in Sources */,
				7E5581382C823E6E00F461EB /* SimpleAnalyticsView.swift in Sources */,
				7E951D052C73E7E20023922C /* CompactSessionCardView.swift in Sources */,
				7E4540322CA7560300ADB083 /* DisplayMode.swift in Sources */,
				7ECFA53B2CAB279C00BC5E54 /* Calendar.swift in Sources */,
				7ED7478F2C8BA9A100F07679 /* MoodSelectorView.swift in Sources */,
				7E656A2B2C94CED300C6FD6A /* PillStyle.swift in Sources */,
				7E2504DD2C768CDB00496296 /* DetailSection.swift in Sources */,
				7E2504DF2C7693F200496296 /* ImageCarouselView.swift in Sources */,
				7EE626222C6ACA4B00448F80 /* TerpeneInputView.swift in Sources */,
				7E26DF732CAF1E5300F54E00 /* StrainListView.swift in Sources */,
			);
			runOnlyForDeploymentPostprocessing = 0;
		};
/* End PBXSourcesBuildPhase section */

/* Begin XCBuildConfiguration section */
		7EC008F72C5EEDEA0093217B /* Debug */ = {
			isa = XCBuildConfiguration;
			buildSettings = {
				ALWAYS_SEARCH_USER_PATHS = NO;
				ASSETCATALOG_COMPILER_GENERATE_SWIFT_ASSET_SYMBOL_EXTENSIONS = YES;
				CLANG_ANALYZER_NONNULL = YES;
				CLANG_ANALYZER_NUMBER_OBJECT_CONVERSION = YES_AGGRESSIVE;
				CLANG_CXX_LANGUAGE_STANDARD = "gnu++20";
				CLANG_ENABLE_MODULES = YES;
				CLANG_ENABLE_OBJC_ARC = YES;
				CLANG_ENABLE_OBJC_WEAK = YES;
				CLANG_WARN_BLOCK_CAPTURE_AUTORELEASING = YES;
				CLANG_WARN_BOOL_CONVERSION = YES;
				CLANG_WARN_COMMA = YES;
				CLANG_WARN_CONSTANT_CONVERSION = YES;
				CLANG_WARN_DEPRECATED_OBJC_IMPLEMENTATIONS = YES;
				CLANG_WARN_DIRECT_OBJC_ISA_USAGE = YES_ERROR;
				CLANG_WARN_DOCUMENTATION_COMMENTS = YES;
				CLANG_WARN_EMPTY_BODY = YES;
				CLANG_WARN_ENUM_CONVERSION = YES;
				CLANG_WARN_INFINITE_RECURSION = YES;
				CLANG_WARN_INT_CONVERSION = YES;
				CLANG_WARN_NON_LITERAL_NULL_CONVERSION = YES;
				CLANG_WARN_OBJC_IMPLICIT_RETAIN_SELF = YES;
				CLANG_WARN_OBJC_LITERAL_CONVERSION = YES;
				CLANG_WARN_OBJC_ROOT_CLASS = YES_ERROR;
				CLANG_WARN_QUOTED_INCLUDE_IN_FRAMEWORK_HEADER = YES;
				CLANG_WARN_RANGE_LOOP_ANALYSIS = YES;
				CLANG_WARN_STRICT_PROTOTYPES = YES;
				CLANG_WARN_SUSPICIOUS_MOVE = YES;
				CLANG_WARN_UNGUARDED_AVAILABILITY = YES_AGGRESSIVE;
				CLANG_WARN_UNREACHABLE_CODE = YES;
				CLANG_WARN__DUPLICATE_METHOD_MATCH = YES;
				COPY_PHASE_STRIP = NO;
				DEBUG_INFORMATION_FORMAT = dwarf;
				ENABLE_STRICT_OBJC_MSGSEND = YES;
				ENABLE_TESTABILITY = YES;
				ENABLE_USER_SCRIPT_SANDBOXING = YES;
				GCC_C_LANGUAGE_STANDARD = gnu17;
				GCC_DYNAMIC_NO_PIC = NO;
				GCC_NO_COMMON_BLOCKS = YES;
				GCC_OPTIMIZATION_LEVEL = 0;
				GCC_PREPROCESSOR_DEFINITIONS = (
					"DEBUG=1",
					"$(inherited)",
				);
				GCC_WARN_64_TO_32_BIT_CONVERSION = YES;
				GCC_WARN_ABOUT_RETURN_TYPE = YES_ERROR;
				GCC_WARN_UNDECLARED_SELECTOR = YES;
				GCC_WARN_UNINITIALIZED_AUTOS = YES_AGGRESSIVE;
				GCC_WARN_UNUSED_FUNCTION = YES;
				GCC_WARN_UNUSED_VARIABLE = YES;
				IPHONEOS_DEPLOYMENT_TARGET = 17.5;
				LOCALIZATION_PREFERS_STRING_CATALOGS = YES;
				MTL_ENABLE_DEBUG_INFO = INCLUDE_SOURCE;
				MTL_FAST_MATH = YES;
				ONLY_ACTIVE_ARCH = YES;
				SDKROOT = iphoneos;
				SWIFT_ACTIVE_COMPILATION_CONDITIONS = "DEBUG $(inherited)";
				SWIFT_OPTIMIZATION_LEVEL = "-Onone";
			};
			name = Debug;
		};
		7EC008F82C5EEDEA0093217B /* Release */ = {
			isa = XCBuildConfiguration;
			buildSettings = {
				ALWAYS_SEARCH_USER_PATHS = NO;
				ASSETCATALOG_COMPILER_GENERATE_SWIFT_ASSET_SYMBOL_EXTENSIONS = YES;
				CLANG_ANALYZER_NONNULL = YES;
				CLANG_ANALYZER_NUMBER_OBJECT_CONVERSION = YES_AGGRESSIVE;
				CLANG_CXX_LANGUAGE_STANDARD = "gnu++20";
				CLANG_ENABLE_MODULES = YES;
				CLANG_ENABLE_OBJC_ARC = YES;
				CLANG_ENABLE_OBJC_WEAK = YES;
				CLANG_WARN_BLOCK_CAPTURE_AUTORELEASING = YES;
				CLANG_WARN_BOOL_CONVERSION = YES;
				CLANG_WARN_COMMA = YES;
				CLANG_WARN_CONSTANT_CONVERSION = YES;
				CLANG_WARN_DEPRECATED_OBJC_IMPLEMENTATIONS = YES;
				CLANG_WARN_DIRECT_OBJC_ISA_USAGE = YES_ERROR;
				CLANG_WARN_DOCUMENTATION_COMMENTS = YES;
				CLANG_WARN_EMPTY_BODY = YES;
				CLANG_WARN_ENUM_CONVERSION = YES;
				CLANG_WARN_INFINITE_RECURSION = YES;
				CLANG_WARN_INT_CONVERSION = YES;
				CLANG_WARN_NON_LITERAL_NULL_CONVERSION = YES;
				CLANG_WARN_OBJC_IMPLICIT_RETAIN_SELF = YES;
				CLANG_WARN_OBJC_LITERAL_CONVERSION = YES;
				CLANG_WARN_OBJC_ROOT_CLASS = YES_ERROR;
				CLANG_WARN_QUOTED_INCLUDE_IN_FRAMEWORK_HEADER = YES;
				CLANG_WARN_RANGE_LOOP_ANALYSIS = YES;
				CLANG_WARN_STRICT_PROTOTYPES = YES;
				CLANG_WARN_SUSPICIOUS_MOVE = YES;
				CLANG_WARN_UNGUARDED_AVAILABILITY = YES_AGGRESSIVE;
				CLANG_WARN_UNREACHABLE_CODE = YES;
				CLANG_WARN__DUPLICATE_METHOD_MATCH = YES;
				COPY_PHASE_STRIP = NO;
				DEBUG_INFORMATION_FORMAT = "dwarf-with-dsym";
				ENABLE_NS_ASSERTIONS = NO;
				ENABLE_STRICT_OBJC_MSGSEND = YES;
				ENABLE_USER_SCRIPT_SANDBOXING = YES;
				GCC_C_LANGUAGE_STANDARD = gnu17;
				GCC_NO_COMMON_BLOCKS = YES;
				GCC_WARN_64_TO_32_BIT_CONVERSION = YES;
				GCC_WARN_ABOUT_RETURN_TYPE = YES_ERROR;
				GCC_WARN_UNDECLARED_SELECTOR = YES;
				GCC_WARN_UNINITIALIZED_AUTOS = YES_AGGRESSIVE;
				GCC_WARN_UNUSED_FUNCTION = YES;
				GCC_WARN_UNUSED_VARIABLE = YES;
				IPHONEOS_DEPLOYMENT_TARGET = 17.5;
				LOCALIZATION_PREFERS_STRING_CATALOGS = YES;
				MTL_ENABLE_DEBUG_INFO = NO;
				MTL_FAST_MATH = YES;
				SDKROOT = iphoneos;
				SWIFT_COMPILATION_MODE = wholemodule;
				VALIDATE_PRODUCT = YES;
			};
			name = Release;
		};
		7EC008FA2C5EEDEA0093217B /* Debug */ = {
			isa = XCBuildConfiguration;
			buildSettings = {
				ASSETCATALOG_COMPILER_APPICON_NAME = AppIcon;
				ASSETCATALOG_COMPILER_GLOBAL_ACCENT_COLOR_NAME = AccentColor;
				CODE_SIGN_ENTITLEMENTS = Chronicle/Chronicle.entitlements;
				CODE_SIGN_STYLE = Automatic;
				CURRENT_PROJECT_VERSION = 1;
				DEVELOPMENT_ASSET_PATHS = "\"Chronicle/Preview Content\"";
				DEVELOPMENT_TEAM = 2798XB6UZN;
				ENABLE_PREVIEWS = YES;
				GENERATE_INFOPLIST_FILE = YES;
				INFOPLIST_FILE = Chronicle/Info.plist;
				INFOPLIST_KEY_NSCameraUsageDescription = "This app allows the user to capture a photo with their camera in order to add it to a selection of images for an item or a session.";
				INFOPLIST_KEY_NSMicrophoneUsageDescription = "This app allows the user to record a voice note with their microphone";
				INFOPLIST_KEY_UIApplicationSceneManifest_Generation = YES;
				INFOPLIST_KEY_UIApplicationSupportsIndirectInputEvents = YES;
				INFOPLIST_KEY_UILaunchScreen_Generation = YES;
				INFOPLIST_KEY_UISupportedInterfaceOrientations_iPad = "UIInterfaceOrientationPortrait UIInterfaceOrientationPortraitUpsideDown UIInterfaceOrientationLandscapeLeft UIInterfaceOrientationLandscapeRight";
				INFOPLIST_KEY_UISupportedInterfaceOrientations_iPhone = "UIInterfaceOrientationPortrait UIInterfaceOrientationLandscapeLeft UIInterfaceOrientationLandscapeRight";
				LD_RUNPATH_SEARCH_PATHS = (
					"$(inherited)",
					"@executable_path/Frameworks",
				);
				MARKETING_VERSION = 1.0;
				PRODUCT_BUNDLE_IDENTIFIER = com.SkylarClemens.Chronicle;
				PRODUCT_NAME = "$(TARGET_NAME)";
				SWIFT_EMIT_LOC_STRINGS = YES;
				SWIFT_VERSION = 5.0;
				TARGETED_DEVICE_FAMILY = "1,2";
			};
			name = Debug;
		};
		7EC008FB2C5EEDEA0093217B /* Release */ = {
			isa = XCBuildConfiguration;
			buildSettings = {
				ASSETCATALOG_COMPILER_APPICON_NAME = AppIcon;
				ASSETCATALOG_COMPILER_GLOBAL_ACCENT_COLOR_NAME = AccentColor;
				CODE_SIGN_ENTITLEMENTS = Chronicle/Chronicle.entitlements;
				CODE_SIGN_STYLE = Automatic;
				CURRENT_PROJECT_VERSION = 1;
				DEVELOPMENT_ASSET_PATHS = "\"Chronicle/Preview Content\"";
				DEVELOPMENT_TEAM = 2798XB6UZN;
				ENABLE_PREVIEWS = YES;
				GENERATE_INFOPLIST_FILE = YES;
				INFOPLIST_FILE = Chronicle/Info.plist;
				INFOPLIST_KEY_NSCameraUsageDescription = "This app allows the user to capture a photo with their camera in order to add it to a selection of images for an item or a session.";
				INFOPLIST_KEY_NSMicrophoneUsageDescription = "This app allows the user to record a voice note with their microphone";
				INFOPLIST_KEY_UIApplicationSceneManifest_Generation = YES;
				INFOPLIST_KEY_UIApplicationSupportsIndirectInputEvents = YES;
				INFOPLIST_KEY_UILaunchScreen_Generation = YES;
				INFOPLIST_KEY_UISupportedInterfaceOrientations_iPad = "UIInterfaceOrientationPortrait UIInterfaceOrientationPortraitUpsideDown UIInterfaceOrientationLandscapeLeft UIInterfaceOrientationLandscapeRight";
				INFOPLIST_KEY_UISupportedInterfaceOrientations_iPhone = "UIInterfaceOrientationPortrait UIInterfaceOrientationLandscapeLeft UIInterfaceOrientationLandscapeRight";
				LD_RUNPATH_SEARCH_PATHS = (
					"$(inherited)",
					"@executable_path/Frameworks",
				);
				MARKETING_VERSION = 1.0;
				PRODUCT_BUNDLE_IDENTIFIER = com.SkylarClemens.Chronicle;
				PRODUCT_NAME = "$(TARGET_NAME)";
				SWIFT_EMIT_LOC_STRINGS = YES;
				SWIFT_VERSION = 5.0;
				TARGETED_DEVICE_FAMILY = "1,2";
			};
			name = Release;
		};
/* End XCBuildConfiguration section */

/* Begin XCConfigurationList section */
		7EC008E42C5EEDE80093217B /* Build configuration list for PBXProject "Chronicle" */ = {
			isa = XCConfigurationList;
			buildConfigurations = (
				7EC008F72C5EEDEA0093217B /* Debug */,
				7EC008F82C5EEDEA0093217B /* Release */,
			);
			defaultConfigurationIsVisible = 0;
			defaultConfigurationName = Release;
		};
		7EC008F92C5EEDEA0093217B /* Build configuration list for PBXNativeTarget "Chronicle" */ = {
			isa = XCConfigurationList;
			buildConfigurations = (
				7EC008FA2C5EEDEA0093217B /* Debug */,
				7EC008FB2C5EEDEA0093217B /* Release */,
			);
			defaultConfigurationIsVisible = 0;
			defaultConfigurationName = Release;
		};
/* End XCConfigurationList section */
	};
	rootObject = 7EC008E12C5EEDE80093217B /* Project object */;
}
