// !$*UTF8*$!
{
	archiveVersion = 1;
	classes = {
	};
	objectVersion = 56;
	objects = {

/* Begin PBXBuildFile section */
		7E08D4192C6BD95700F96328 /* AddStrainView.swift in Sources */ = {isa = PBXBuildFile; fileRef = 7E08D4182C6BD95700F96328 /* AddStrainView.swift */; };
		7E08D41C2C6BD9A400F96328 /* StrainType.swift in Sources */ = {isa = PBXBuildFile; fileRef = 7E08D41B2C6BD9A400F96328 /* StrainType.swift */; };
		7E08D41E2C6BEE7700F96328 /* BackgroundView.swift in Sources */ = {isa = PBXBuildFile; fileRef = 7E08D41D2C6BEE7700F96328 /* BackgroundView.swift */; };
		7E08D4212C6BF6DB00F96328 /* AddSessionView.swift in Sources */ = {isa = PBXBuildFile; fileRef = 7E08D4202C6BF6DB00F96328 /* AddSessionView.swift */; };
		7E08D4232C6BFB4400F96328 /* TimePickerWheel.swift in Sources */ = {isa = PBXBuildFile; fileRef = 7E08D4222C6BFB4400F96328 /* TimePickerWheel.swift */; };
		7E08D4252C6C0C9F00F96328 /* EffectType.swift in Sources */ = {isa = PBXBuildFile; fileRef = 7E08D4242C6C0C9F00F96328 /* EffectType.swift */; };
		7E2504DA2C76838500496296 /* ColorData.swift in Sources */ = {isa = PBXBuildFile; fileRef = 7E2504D92C76838500496296 /* ColorData.swift */; };
		7E2504DD2C768CDB00496296 /* DetailSection.swift in Sources */ = {isa = PBXBuildFile; fileRef = 7E2504DC2C768CDB00496296 /* DetailSection.swift */; };
		7E2504DF2C7693F200496296 /* ImageCarouselView.swift in Sources */ = {isa = PBXBuildFile; fileRef = 7E2504DE2C7693F200496296 /* ImageCarouselView.swift */; };
		7E5301E82C74F44000909048 /* StrainDetailsView.swift in Sources */ = {isa = PBXBuildFile; fileRef = 7E5301E72C74F44000909048 /* StrainDetailsView.swift */; };
		7E5301EB2C74F97500909048 /* DashboardView.swift in Sources */ = {isa = PBXBuildFile; fileRef = 7E5301EA2C74F97500909048 /* DashboardView.swift */; };
		7E5301ED2C74F98200909048 /* JournalView.swift in Sources */ = {isa = PBXBuildFile; fileRef = 7E5301EC2C74F98200909048 /* JournalView.swift */; };
		7E5301EF2C74F99B00909048 /* InventoryView.swift in Sources */ = {isa = PBXBuildFile; fileRef = 7E5301EE2C74F99B00909048 /* InventoryView.swift */; };
		7E5301F12C74FD7F00909048 /* ItemRowView.swift in Sources */ = {isa = PBXBuildFile; fileRef = 7E5301F02C74FD7F00909048 /* ItemRowView.swift */; };
		7E5301F32C753CDE00909048 /* ItemFlavor.swift in Sources */ = {isa = PBXBuildFile; fileRef = 7E5301F22C753CDE00909048 /* ItemFlavor.swift */; };
		7E5301F52C753CE500909048 /* ItemEffect.swift in Sources */ = {isa = PBXBuildFile; fileRef = 7E5301F42C753CE500909048 /* ItemEffect.swift */; };
		7E7A05832C64621100BA0497 /* Effect.swift in Sources */ = {isa = PBXBuildFile; fileRef = 7E7A05822C64621100BA0497 /* Effect.swift */; };
		7E7A05852C64621600BA0497 /* Flavor.swift in Sources */ = {isa = PBXBuildFile; fileRef = 7E7A05842C64621600BA0497 /* Flavor.swift */; };
		7E7A05872C64621C00BA0497 /* SessionEffect.swift in Sources */ = {isa = PBXBuildFile; fileRef = 7E7A05862C64621C00BA0497 /* SessionEffect.swift */; };
		7E7A05892C64622200BA0497 /* SessionFlavor.swift in Sources */ = {isa = PBXBuildFile; fileRef = 7E7A05882C64622200BA0497 /* SessionFlavor.swift */; };
		7E7DDC192C66A8730057F983 /* AddItemView.swift in Sources */ = {isa = PBXBuildFile; fileRef = 7E7DDC182C66A8730057F983 /* AddItemView.swift */; };
		7E951D002C73D10E0023922C /* ItemCardView.swift in Sources */ = {isa = PBXBuildFile; fileRef = 7E951CFF2C73D10E0023922C /* ItemCardView.swift */; };
		7E951D052C73E7E20023922C /* CompactSessionCardView.swift in Sources */ = {isa = PBXBuildFile; fileRef = 7E951D042C73E7E20023922C /* CompactSessionCardView.swift */; };
		7EC008ED2C5EEDE80093217B /* ChronicleApp.swift in Sources */ = {isa = PBXBuildFile; fileRef = 7EC008EC2C5EEDE80093217B /* ChronicleApp.swift */; };
		7EC008EF2C5EEDE80093217B /* ContentView.swift in Sources */ = {isa = PBXBuildFile; fileRef = 7EC008EE2C5EEDE80093217B /* ContentView.swift */; };
		7EC008F12C5EEDE80093217B /* Item.swift in Sources */ = {isa = PBXBuildFile; fileRef = 7EC008F02C5EEDE80093217B /* Item.swift */; };
		7EC008F32C5EEDEA0093217B /* Assets.xcassets in Resources */ = {isa = PBXBuildFile; fileRef = 7EC008F22C5EEDEA0093217B /* Assets.xcassets */; };
		7EC008F62C5EEDEA0093217B /* Preview Assets.xcassets in Resources */ = {isa = PBXBuildFile; fileRef = 7EC008F52C5EEDEA0093217B /* Preview Assets.xcassets */; };
		7EC009022C5EF1F70093217B /* Strain.swift in Sources */ = {isa = PBXBuildFile; fileRef = 7EC009012C5EF1F70093217B /* Strain.swift */; };
		7ECAFC272C6410340056A44E /* Session.swift in Sources */ = {isa = PBXBuildFile; fileRef = 7ECAFC262C6410340056A44E /* Session.swift */; };
		7ECAFC2A2C6421310056A44E /* ModelPreview.swift in Sources */ = {isa = PBXBuildFile; fileRef = 7ECAFC292C6421310056A44E /* ModelPreview.swift */; };
		7EE6261D2C6A948500448F80 /* ItemType.swift in Sources */ = {isa = PBXBuildFile; fileRef = 7EE6261C2C6A948500448F80 /* ItemType.swift */; };
		7EE626202C6AC40D00448F80 /* CannabinoidInputView.swift in Sources */ = {isa = PBXBuildFile; fileRef = 7EE6261F2C6AC40D00448F80 /* CannabinoidInputView.swift */; };
		7EE626222C6ACA4B00448F80 /* TerpeneInputView.swift in Sources */ = {isa = PBXBuildFile; fileRef = 7EE626212C6ACA4B00448F80 /* TerpeneInputView.swift */; };
		7EE626242C6ACE4B00448F80 /* IngredientsInputView.swift in Sources */ = {isa = PBXBuildFile; fileRef = 7EE626232C6ACE4B00448F80 /* IngredientsInputView.swift */; };
		7EF0BB162C6D3A2D0068542D /* ItemDetailsView.swift in Sources */ = {isa = PBXBuildFile; fileRef = 7EF0BB152C6D3A2D0068542D /* ItemDetailsView.swift */; };
		7EF0BB182C6D3CDD0068542D /* Samples.swift in Sources */ = {isa = PBXBuildFile; fileRef = 7EF0BB172C6D3CDD0068542D /* Samples.swift */; };
/* End PBXBuildFile section */

/* Begin PBXFileReference section */
		7E08D4182C6BD95700F96328 /* AddStrainView.swift */ = {isa = PBXFileReference; lastKnownFileType = sourcecode.swift; path = AddStrainView.swift; sourceTree = "<group>"; };
		7E08D41B2C6BD9A400F96328 /* StrainType.swift */ = {isa = PBXFileReference; lastKnownFileType = sourcecode.swift; path = StrainType.swift; sourceTree = "<group>"; };
		7E08D41D2C6BEE7700F96328 /* BackgroundView.swift */ = {isa = PBXFileReference; lastKnownFileType = sourcecode.swift; path = BackgroundView.swift; sourceTree = "<group>"; };
		7E08D4202C6BF6DB00F96328 /* AddSessionView.swift */ = {isa = PBXFileReference; lastKnownFileType = sourcecode.swift; path = AddSessionView.swift; sourceTree = "<group>"; };
		7E08D4222C6BFB4400F96328 /* TimePickerWheel.swift */ = {isa = PBXFileReference; lastKnownFileType = sourcecode.swift; path = TimePickerWheel.swift; sourceTree = "<group>"; };
		7E08D4242C6C0C9F00F96328 /* EffectType.swift */ = {isa = PBXFileReference; lastKnownFileType = sourcecode.swift; path = EffectType.swift; sourceTree = "<group>"; };
		7E2504D92C76838500496296 /* ColorData.swift */ = {isa = PBXFileReference; lastKnownFileType = sourcecode.swift; path = ColorData.swift; sourceTree = "<group>"; };
		7E2504DC2C768CDB00496296 /* DetailSection.swift */ = {isa = PBXFileReference; lastKnownFileType = sourcecode.swift; path = DetailSection.swift; sourceTree = "<group>"; };
		7E2504DE2C7693F200496296 /* ImageCarouselView.swift */ = {isa = PBXFileReference; lastKnownFileType = sourcecode.swift; path = ImageCarouselView.swift; sourceTree = "<group>"; };
		7E5301E72C74F44000909048 /* StrainDetailsView.swift */ = {isa = PBXFileReference; lastKnownFileType = sourcecode.swift; path = StrainDetailsView.swift; sourceTree = "<group>"; };
		7E5301EA2C74F97500909048 /* DashboardView.swift */ = {isa = PBXFileReference; lastKnownFileType = sourcecode.swift; path = DashboardView.swift; sourceTree = "<group>"; };
		7E5301EC2C74F98200909048 /* JournalView.swift */ = {isa = PBXFileReference; lastKnownFileType = sourcecode.swift; path = JournalView.swift; sourceTree = "<group>"; };
		7E5301EE2C74F99B00909048 /* InventoryView.swift */ = {isa = PBXFileReference; lastKnownFileType = sourcecode.swift; path = InventoryView.swift; sourceTree = "<group>"; };
		7E5301F02C74FD7F00909048 /* ItemRowView.swift */ = {isa = PBXFileReference; lastKnownFileType = sourcecode.swift; path = ItemRowView.swift; sourceTree = "<group>"; };
		7E5301F22C753CDE00909048 /* ItemFlavor.swift */ = {isa = PBXFileReference; lastKnownFileType = sourcecode.swift; path = ItemFlavor.swift; sourceTree = "<group>"; };
		7E5301F42C753CE500909048 /* ItemEffect.swift */ = {isa = PBXFileReference; lastKnownFileType = sourcecode.swift; path = ItemEffect.swift; sourceTree = "<group>"; };
		7E7A05822C64621100BA0497 /* Effect.swift */ = {isa = PBXFileReference; lastKnownFileType = sourcecode.swift; path = Effect.swift; sourceTree = "<group>"; };
		7E7A05842C64621600BA0497 /* Flavor.swift */ = {isa = PBXFileReference; lastKnownFileType = sourcecode.swift; path = Flavor.swift; sourceTree = "<group>"; };
		7E7A05862C64621C00BA0497 /* SessionEffect.swift */ = {isa = PBXFileReference; lastKnownFileType = sourcecode.swift; path = SessionEffect.swift; sourceTree = "<group>"; };
		7E7A05882C64622200BA0497 /* SessionFlavor.swift */ = {isa = PBXFileReference; lastKnownFileType = sourcecode.swift; path = SessionFlavor.swift; sourceTree = "<group>"; };
		7E7DDC182C66A8730057F983 /* AddItemView.swift */ = {isa = PBXFileReference; lastKnownFileType = sourcecode.swift; path = AddItemView.swift; sourceTree = "<group>"; };
		7E951CFF2C73D10E0023922C /* ItemCardView.swift */ = {isa = PBXFileReference; lastKnownFileType = sourcecode.swift; path = ItemCardView.swift; sourceTree = "<group>"; };
		7E951D042C73E7E20023922C /* CompactSessionCardView.swift */ = {isa = PBXFileReference; lastKnownFileType = sourcecode.swift; path = CompactSessionCardView.swift; sourceTree = "<group>"; };
		7EC008E92C5EEDE80093217B /* Chronicle.app */ = {isa = PBXFileReference; explicitFileType = wrapper.application; includeInIndex = 0; path = Chronicle.app; sourceTree = BUILT_PRODUCTS_DIR; };
		7EC008EC2C5EEDE80093217B /* ChronicleApp.swift */ = {isa = PBXFileReference; lastKnownFileType = sourcecode.swift; path = ChronicleApp.swift; sourceTree = "<group>"; };
		7EC008EE2C5EEDE80093217B /* ContentView.swift */ = {isa = PBXFileReference; lastKnownFileType = sourcecode.swift; path = ContentView.swift; sourceTree = "<group>"; };
		7EC008F02C5EEDE80093217B /* Item.swift */ = {isa = PBXFileReference; lastKnownFileType = sourcecode.swift; path = Item.swift; sourceTree = "<group>"; };
		7EC008F22C5EEDEA0093217B /* Assets.xcassets */ = {isa = PBXFileReference; lastKnownFileType = folder.assetcatalog; path = Assets.xcassets; sourceTree = "<group>"; };
		7EC008F52C5EEDEA0093217B /* Preview Assets.xcassets */ = {isa = PBXFileReference; lastKnownFileType = folder.assetcatalog; path = "Preview Assets.xcassets"; sourceTree = "<group>"; };
		7EC009012C5EF1F70093217B /* Strain.swift */ = {isa = PBXFileReference; lastKnownFileType = sourcecode.swift; path = Strain.swift; sourceTree = "<group>"; };
		7ECAFC262C6410340056A44E /* Session.swift */ = {isa = PBXFileReference; lastKnownFileType = sourcecode.swift; path = Session.swift; sourceTree = "<group>"; };
		7ECAFC292C6421310056A44E /* ModelPreview.swift */ = {isa = PBXFileReference; lastKnownFileType = sourcecode.swift; path = ModelPreview.swift; sourceTree = "<group>"; };
		7EE6261C2C6A948500448F80 /* ItemType.swift */ = {isa = PBXFileReference; lastKnownFileType = sourcecode.swift; path = ItemType.swift; sourceTree = "<group>"; };
		7EE6261F2C6AC40D00448F80 /* CannabinoidInputView.swift */ = {isa = PBXFileReference; lastKnownFileType = sourcecode.swift; path = CannabinoidInputView.swift; sourceTree = "<group>"; };
		7EE626212C6ACA4B00448F80 /* TerpeneInputView.swift */ = {isa = PBXFileReference; lastKnownFileType = sourcecode.swift; path = TerpeneInputView.swift; sourceTree = "<group>"; };
		7EE626232C6ACE4B00448F80 /* IngredientsInputView.swift */ = {isa = PBXFileReference; lastKnownFileType = sourcecode.swift; path = IngredientsInputView.swift; sourceTree = "<group>"; };
		7EF0BB152C6D3A2D0068542D /* ItemDetailsView.swift */ = {isa = PBXFileReference; lastKnownFileType = sourcecode.swift; path = ItemDetailsView.swift; sourceTree = "<group>"; };
		7EF0BB172C6D3CDD0068542D /* Samples.swift */ = {isa = PBXFileReference; lastKnownFileType = sourcecode.swift; path = Samples.swift; sourceTree = "<group>"; };
/* End PBXFileReference section */

/* Begin PBXFrameworksBuildPhase section */
		7EC008E62C5EEDE80093217B /* Frameworks */ = {
			isa = PBXFrameworksBuildPhase;
			buildActionMask = 2147483647;
			files = (
			);
			runOnlyForDeploymentPostprocessing = 0;
		};
/* End PBXFrameworksBuildPhase section */

/* Begin PBXGroup section */
		7E08D4172C6BD80600F96328 /* AddStrain */ = {
			isa = PBXGroup;
			children = (
				7E08D4182C6BD95700F96328 /* AddStrainView.swift */,
			);
			path = AddStrain;
			sourceTree = "<group>";
		};
		7E08D41A2C6BD99100F96328 /* Strain */ = {
			isa = PBXGroup;
			children = (
				7EC009012C5EF1F70093217B /* Strain.swift */,
				7E08D41B2C6BD9A400F96328 /* StrainType.swift */,
			);
			path = Strain;
			sourceTree = "<group>";
		};
		7E08D41F2C6BF6C000F96328 /* AddSession */ = {
			isa = PBXGroup;
			children = (
				7E08D4202C6BF6DB00F96328 /* AddSessionView.swift */,
				7E08D4222C6BFB4400F96328 /* TimePickerWheel.swift */,
			);
			path = AddSession;
			sourceTree = "<group>";
		};
		7E2504DB2C768CA900496296 /* UI */ = {
			isa = PBXGroup;
			children = (
				7E2504DC2C768CDB00496296 /* DetailSection.swift */,
				7E2504DE2C7693F200496296 /* ImageCarouselView.swift */,
			);
			path = UI;
			sourceTree = "<group>";
		};
		7E5301E42C74490300909048 /* Strain */ = {
			isa = PBXGroup;
			children = (
				7E5301E72C74F44000909048 /* StrainDetailsView.swift */,
			);
			path = Strain;
			sourceTree = "<group>";
		};
		7E7A05802C6461F600BA0497 /* Effect */ = {
			isa = PBXGroup;
			children = (
				7E7A05822C64621100BA0497 /* Effect.swift */,
				7E08D4242C6C0C9F00F96328 /* EffectType.swift */,
				7E7A05862C64621C00BA0497 /* SessionEffect.swift */,
				7E5301F42C753CE500909048 /* ItemEffect.swift */,
			);
			path = Effect;
			sourceTree = "<group>";
		};
		7E7A05812C6461FB00BA0497 /* Flavor */ = {
			isa = PBXGroup;
			children = (
				7E7A05842C64621600BA0497 /* Flavor.swift */,
				7E7A05882C64622200BA0497 /* SessionFlavor.swift */,
				7E5301F22C753CDE00909048 /* ItemFlavor.swift */,
			);
			path = Flavor;
			sourceTree = "<group>";
		};
		7E951D012C73D1140023922C /* Item */ = {
			isa = PBXGroup;
			children = (
				7E951CFF2C73D10E0023922C /* ItemCardView.swift */,
				7EF0BB152C6D3A2D0068542D /* ItemDetailsView.swift */,
				7E5301F02C74FD7F00909048 /* ItemRowView.swift */,
			);
			path = Item;
			sourceTree = "<group>";
		};
		7E951D022C73D1260023922C /* Add */ = {
			isa = PBXGroup;
			children = (
				7EE6261E2C6AC3F300448F80 /* AddItem */,
				7E08D4172C6BD80600F96328 /* AddStrain */,
				7E08D41F2C6BF6C000F96328 /* AddSession */,
			);
			path = Add;
			sourceTree = "<group>";
		};
		7E951D032C73E7C70023922C /* Session */ = {
			isa = PBXGroup;
			children = (
				7E951D042C73E7E20023922C /* CompactSessionCardView.swift */,
			);
			path = Session;
			sourceTree = "<group>";
		};
		7EC008E02C5EEDE80093217B = {
			isa = PBXGroup;
			children = (
				7EC008EB2C5EEDE80093217B /* Chronicle */,
				7EC008EA2C5EEDE80093217B /* Products */,
			);
			sourceTree = "<group>";
		};
		7EC008EA2C5EEDE80093217B /* Products */ = {
			isa = PBXGroup;
			children = (
				7EC008E92C5EEDE80093217B /* Chronicle.app */,
			);
			name = Products;
			sourceTree = "<group>";
		};
		7EC008EB2C5EEDE80093217B /* Chronicle */ = {
			isa = PBXGroup;
			children = (
				7E2504DB2C768CA900496296 /* UI */,
				7E951D022C73D1260023922C /* Add */,
				7E951D012C73D1140023922C /* Item */,
				7E951D032C73E7C70023922C /* Session */,
				7E5301E42C74490300909048 /* Strain */,
				7E08D41D2C6BEE7700F96328 /* BackgroundView.swift */,
				7EC008EC2C5EEDE80093217B /* ChronicleApp.swift */,
				7EC008EE2C5EEDE80093217B /* ContentView.swift */,
				7E5301EA2C74F97500909048 /* DashboardView.swift */,
				7E5301EC2C74F98200909048 /* JournalView.swift */,
				7E5301EE2C74F99B00909048 /* InventoryView.swift */,
				7EC008F22C5EEDEA0093217B /* Assets.xcassets */,
				7EC008FC2C5EF1A00093217B /* Data */,
				7EC008F42C5EEDEA0093217B /* Preview Content */,
			);
			path = Chronicle;
			sourceTree = "<group>";
		};
		7EC008F42C5EEDEA0093217B /* Preview Content */ = {
			isa = PBXGroup;
			children = (
				7EC008F52C5EEDEA0093217B /* Preview Assets.xcassets */,
				7ECAFC292C6421310056A44E /* ModelPreview.swift */,
				7EF0BB172C6D3CDD0068542D /* Samples.swift */,
			);
			path = "Preview Content";
			sourceTree = "<group>";
		};
		7EC008FC2C5EF1A00093217B /* Data */ = {
			isa = PBXGroup;
			children = (
				7EE6261B2C6A947700448F80 /* Item */,
				7E08D41A2C6BD99100F96328 /* Strain */,
				7E7A05812C6461FB00BA0497 /* Flavor */,
				7E7A05802C6461F600BA0497 /* Effect */,
				7ECAFC262C6410340056A44E /* Session.swift */,
				7E2504D92C76838500496296 /* ColorData.swift */,
			);
			path = Data;
			sourceTree = "<group>";
		};
		7EE6261B2C6A947700448F80 /* Item */ = {
			isa = PBXGroup;
			children = (
				7EC008F02C5EEDE80093217B /* Item.swift */,
				7EE6261C2C6A948500448F80 /* ItemType.swift */,
			);
			path = Item;
			sourceTree = "<group>";
		};
		7EE6261E2C6AC3F300448F80 /* AddItem */ = {
			isa = PBXGroup;
			children = (
				7E7DDC182C66A8730057F983 /* AddItemView.swift */,
				7EE6261F2C6AC40D00448F80 /* CannabinoidInputView.swift */,
				7EE626212C6ACA4B00448F80 /* TerpeneInputView.swift */,
				7EE626232C6ACE4B00448F80 /* IngredientsInputView.swift */,
			);
			path = AddItem;
			sourceTree = "<group>";
		};
/* End PBXGroup section */

/* Begin PBXNativeTarget section */
		7EC008E82C5EEDE80093217B /* Chronicle */ = {
			isa = PBXNativeTarget;
			buildConfigurationList = 7EC008F92C5EEDEA0093217B /* Build configuration list for PBXNativeTarget "Chronicle" */;
			buildPhases = (
				7EC008E52C5EEDE80093217B /* Sources */,
				7EC008E62C5EEDE80093217B /* Frameworks */,
				7EC008E72C5EEDE80093217B /* Resources */,
			);
			buildRules = (
			);
			dependencies = (
			);
			name = Chronicle;
			productName = Chronicle;
			productReference = 7EC008E92C5EEDE80093217B /* Chronicle.app */;
			productType = "com.apple.product-type.application";
		};
/* End PBXNativeTarget section */

/* Begin PBXProject section */
		7EC008E12C5EEDE80093217B /* Project object */ = {
			isa = PBXProject;
			attributes = {
				BuildIndependentTargetsInParallel = 1;
				LastSwiftUpdateCheck = 1540;
				LastUpgradeCheck = 1540;
				TargetAttributes = {
					7EC008E82C5EEDE80093217B = {
						CreatedOnToolsVersion = 15.4;
					};
				};
			};
			buildConfigurationList = 7EC008E42C5EEDE80093217B /* Build configuration list for PBXProject "Chronicle" */;
			compatibilityVersion = "Xcode 14.0";
			developmentRegion = en;
			hasScannedForEncodings = 0;
			knownRegions = (
				en,
				Base,
			);
			mainGroup = 7EC008E02C5EEDE80093217B;
			productRefGroup = 7EC008EA2C5EEDE80093217B /* Products */;
			projectDirPath = "";
			projectRoot = "";
			targets = (
				7EC008E82C5EEDE80093217B /* Chronicle */,
			);
		};
/* End PBXProject section */

/* Begin PBXResourcesBuildPhase section */
		7EC008E72C5EEDE80093217B /* Resources */ = {
			isa = PBXResourcesBuildPhase;
			buildActionMask = 2147483647;
			files = (
				7EC008F62C5EEDEA0093217B /* Preview Assets.xcassets in Resources */,
				7EC008F32C5EEDEA0093217B /* Assets.xcassets in Resources */,
			);
			runOnlyForDeploymentPostprocessing = 0;
		};
/* End PBXResourcesBuildPhase section */

/* Begin PBXSourcesBuildPhase section */
		7EC008E52C5EEDE80093217B /* Sources */ = {
			isa = PBXSourcesBuildPhase;
			buildActionMask = 2147483647;
			files = (
				7EF0BB162C6D3A2D0068542D /* ItemDetailsView.swift in Sources */,
				7E08D41E2C6BEE7700F96328 /* BackgroundView.swift in Sources */,
				7E7DDC192C66A8730057F983 /* AddItemView.swift in Sources */,
				7E5301F32C753CDE00909048 /* ItemFlavor.swift in Sources */,
				7EF0BB182C6D3CDD0068542D /* Samples.swift in Sources */,
				7E08D4232C6BFB4400F96328 /* TimePickerWheel.swift in Sources */,
				7EC009022C5EF1F70093217B /* Strain.swift in Sources */,
				7E5301F52C753CE500909048 /* ItemEffect.swift in Sources */,
				7EE6261D2C6A948500448F80 /* ItemType.swift in Sources */,
				7E08D4192C6BD95700F96328 /* AddStrainView.swift in Sources */,
				7E7A05852C64621600BA0497 /* Flavor.swift in Sources */,
				7E951D002C73D10E0023922C /* ItemCardView.swift in Sources */,
				7E08D41C2C6BD9A400F96328 /* StrainType.swift in Sources */,
				7E7A05832C64621100BA0497 /* Effect.swift in Sources */,
				7ECAFC272C6410340056A44E /* Session.swift in Sources */,
				7EE626202C6AC40D00448F80 /* CannabinoidInputView.swift in Sources */,
				7E5301F12C74FD7F00909048 /* ItemRowView.swift in Sources */,
				7E08D4252C6C0C9F00F96328 /* EffectType.swift in Sources */,
				7ECAFC2A2C6421310056A44E /* ModelPreview.swift in Sources */,
				7E5301E82C74F44000909048 /* StrainDetailsView.swift in Sources */,
				7E5301EF2C74F99B00909048 /* InventoryView.swift in Sources */,
				7E7A05892C64622200BA0497 /* SessionFlavor.swift in Sources */,
				7E5301ED2C74F98200909048 /* JournalView.swift in Sources */,
				7E7A05872C64621C00BA0497 /* SessionEffect.swift in Sources */,
				7EC008EF2C5EEDE80093217B /* ContentView.swift in Sources */,
				7E08D4212C6BF6DB00F96328 /* AddSessionView.swift in Sources */,
				7E2504DA2C76838500496296 /* ColorData.swift in Sources */,
				7EE626242C6ACE4B00448F80 /* IngredientsInputView.swift in Sources */,
				7E5301EB2C74F97500909048 /* DashboardView.swift in Sources */,
				7EC008F12C5EEDE80093217B /* Item.swift in Sources */,
				7EC008ED2C5EEDE80093217B /* ChronicleApp.swift in Sources */,
				7E951D052C73E7E20023922C /* CompactSessionCardView.swift in Sources */,
				7E2504DD2C768CDB00496296 /* DetailSection.swift in Sources */,
				7E2504DF2C7693F200496296 /* ImageCarouselView.swift in Sources */,
				7EE626222C6ACA4B00448F80 /* TerpeneInputView.swift in Sources */,
			);
			runOnlyForDeploymentPostprocessing = 0;
		};
/* End PBXSourcesBuildPhase section */

/* Begin XCBuildConfiguration section */
		7EC008F72C5EEDEA0093217B /* Debug */ = {
			isa = XCBuildConfiguration;
			buildSettings = {
				ALWAYS_SEARCH_USER_PATHS = NO;
				ASSETCATALOG_COMPILER_GENERATE_SWIFT_ASSET_SYMBOL_EXTENSIONS = YES;
				CLANG_ANALYZER_NONNULL = YES;
				CLANG_ANALYZER_NUMBER_OBJECT_CONVERSION = YES_AGGRESSIVE;
				CLANG_CXX_LANGUAGE_STANDARD = "gnu++20";
				CLANG_ENABLE_MODULES = YES;
				CLANG_ENABLE_OBJC_ARC = YES;
				CLANG_ENABLE_OBJC_WEAK = YES;
				CLANG_WARN_BLOCK_CAPTURE_AUTORELEASING = YES;
				CLANG_WARN_BOOL_CONVERSION = YES;
				CLANG_WARN_COMMA = YES;
				CLANG_WARN_CONSTANT_CONVERSION = YES;
				CLANG_WARN_DEPRECATED_OBJC_IMPLEMENTATIONS = YES;
				CLANG_WARN_DIRECT_OBJC_ISA_USAGE = YES_ERROR;
				CLANG_WARN_DOCUMENTATION_COMMENTS = YES;
				CLANG_WARN_EMPTY_BODY = YES;
				CLANG_WARN_ENUM_CONVERSION = YES;
				CLANG_WARN_INFINITE_RECURSION = YES;
				CLANG_WARN_INT_CONVERSION = YES;
				CLANG_WARN_NON_LITERAL_NULL_CONVERSION = YES;
				CLANG_WARN_OBJC_IMPLICIT_RETAIN_SELF = YES;
				CLANG_WARN_OBJC_LITERAL_CONVERSION = YES;
				CLANG_WARN_OBJC_ROOT_CLASS = YES_ERROR;
				CLANG_WARN_QUOTED_INCLUDE_IN_FRAMEWORK_HEADER = YES;
				CLANG_WARN_RANGE_LOOP_ANALYSIS = YES;
				CLANG_WARN_STRICT_PROTOTYPES = YES;
				CLANG_WARN_SUSPICIOUS_MOVE = YES;
				CLANG_WARN_UNGUARDED_AVAILABILITY = YES_AGGRESSIVE;
				CLANG_WARN_UNREACHABLE_CODE = YES;
				CLANG_WARN__DUPLICATE_METHOD_MATCH = YES;
				COPY_PHASE_STRIP = NO;
				DEBUG_INFORMATION_FORMAT = dwarf;
				ENABLE_STRICT_OBJC_MSGSEND = YES;
				ENABLE_TESTABILITY = YES;
				ENABLE_USER_SCRIPT_SANDBOXING = YES;
				GCC_C_LANGUAGE_STANDARD = gnu17;
				GCC_DYNAMIC_NO_PIC = NO;
				GCC_NO_COMMON_BLOCKS = YES;
				GCC_OPTIMIZATION_LEVEL = 0;
				GCC_PREPROCESSOR_DEFINITIONS = (
					"DEBUG=1",
					"$(inherited)",
				);
				GCC_WARN_64_TO_32_BIT_CONVERSION = YES;
				GCC_WARN_ABOUT_RETURN_TYPE = YES_ERROR;
				GCC_WARN_UNDECLARED_SELECTOR = YES;
				GCC_WARN_UNINITIALIZED_AUTOS = YES_AGGRESSIVE;
				GCC_WARN_UNUSED_FUNCTION = YES;
				GCC_WARN_UNUSED_VARIABLE = YES;
				IPHONEOS_DEPLOYMENT_TARGET = 17.5;
				LOCALIZATION_PREFERS_STRING_CATALOGS = YES;
				MTL_ENABLE_DEBUG_INFO = INCLUDE_SOURCE;
				MTL_FAST_MATH = YES;
				ONLY_ACTIVE_ARCH = YES;
				SDKROOT = iphoneos;
				SWIFT_ACTIVE_COMPILATION_CONDITIONS = "DEBUG $(inherited)";
				SWIFT_OPTIMIZATION_LEVEL = "-Onone";
			};
			name = Debug;
		};
		7EC008F82C5EEDEA0093217B /* Release */ = {
			isa = XCBuildConfiguration;
			buildSettings = {
				ALWAYS_SEARCH_USER_PATHS = NO;
				ASSETCATALOG_COMPILER_GENERATE_SWIFT_ASSET_SYMBOL_EXTENSIONS = YES;
				CLANG_ANALYZER_NONNULL = YES;
				CLANG_ANALYZER_NUMBER_OBJECT_CONVERSION = YES_AGGRESSIVE;
				CLANG_CXX_LANGUAGE_STANDARD = "gnu++20";
				CLANG_ENABLE_MODULES = YES;
				CLANG_ENABLE_OBJC_ARC = YES;
				CLANG_ENABLE_OBJC_WEAK = YES;
				CLANG_WARN_BLOCK_CAPTURE_AUTORELEASING = YES;
				CLANG_WARN_BOOL_CONVERSION = YES;
				CLANG_WARN_COMMA = YES;
				CLANG_WARN_CONSTANT_CONVERSION = YES;
				CLANG_WARN_DEPRECATED_OBJC_IMPLEMENTATIONS = YES;
				CLANG_WARN_DIRECT_OBJC_ISA_USAGE = YES_ERROR;
				CLANG_WARN_DOCUMENTATION_COMMENTS = YES;
				CLANG_WARN_EMPTY_BODY = YES;
				CLANG_WARN_ENUM_CONVERSION = YES;
				CLANG_WARN_INFINITE_RECURSION = YES;
				CLANG_WARN_INT_CONVERSION = YES;
				CLANG_WARN_NON_LITERAL_NULL_CONVERSION = YES;
				CLANG_WARN_OBJC_IMPLICIT_RETAIN_SELF = YES;
				CLANG_WARN_OBJC_LITERAL_CONVERSION = YES;
				CLANG_WARN_OBJC_ROOT_CLASS = YES_ERROR;
				CLANG_WARN_QUOTED_INCLUDE_IN_FRAMEWORK_HEADER = YES;
				CLANG_WARN_RANGE_LOOP_ANALYSIS = YES;
				CLANG_WARN_STRICT_PROTOTYPES = YES;
				CLANG_WARN_SUSPICIOUS_MOVE = YES;
				CLANG_WARN_UNGUARDED_AVAILABILITY = YES_AGGRESSIVE;
				CLANG_WARN_UNREACHABLE_CODE = YES;
				CLANG_WARN__DUPLICATE_METHOD_MATCH = YES;
				COPY_PHASE_STRIP = NO;
				DEBUG_INFORMATION_FORMAT = "dwarf-with-dsym";
				ENABLE_NS_ASSERTIONS = NO;
				ENABLE_STRICT_OBJC_MSGSEND = YES;
				ENABLE_USER_SCRIPT_SANDBOXING = YES;
				GCC_C_LANGUAGE_STANDARD = gnu17;
				GCC_NO_COMMON_BLOCKS = YES;
				GCC_WARN_64_TO_32_BIT_CONVERSION = YES;
				GCC_WARN_ABOUT_RETURN_TYPE = YES_ERROR;
				GCC_WARN_UNDECLARED_SELECTOR = YES;
				GCC_WARN_UNINITIALIZED_AUTOS = YES_AGGRESSIVE;
				GCC_WARN_UNUSED_FUNCTION = YES;
				GCC_WARN_UNUSED_VARIABLE = YES;
				IPHONEOS_DEPLOYMENT_TARGET = 17.5;
				LOCALIZATION_PREFERS_STRING_CATALOGS = YES;
				MTL_ENABLE_DEBUG_INFO = NO;
				MTL_FAST_MATH = YES;
				SDKROOT = iphoneos;
				SWIFT_COMPILATION_MODE = wholemodule;
				VALIDATE_PRODUCT = YES;
			};
			name = Release;
		};
		7EC008FA2C5EEDEA0093217B /* Debug */ = {
			isa = XCBuildConfiguration;
			buildSettings = {
				ASSETCATALOG_COMPILER_APPICON_NAME = AppIcon;
				ASSETCATALOG_COMPILER_GLOBAL_ACCENT_COLOR_NAME = AccentColor;
				CODE_SIGN_STYLE = Automatic;
				CURRENT_PROJECT_VERSION = 1;
				DEVELOPMENT_ASSET_PATHS = "\"Chronicle/Preview Content\"";
				DEVELOPMENT_TEAM = 2798XB6UZN;
				ENABLE_PREVIEWS = YES;
				GENERATE_INFOPLIST_FILE = YES;
				INFOPLIST_KEY_UIApplicationSceneManifest_Generation = YES;
				INFOPLIST_KEY_UIApplicationSupportsIndirectInputEvents = YES;
				INFOPLIST_KEY_UILaunchScreen_Generation = YES;
				INFOPLIST_KEY_UISupportedInterfaceOrientations_iPad = "UIInterfaceOrientationPortrait UIInterfaceOrientationPortraitUpsideDown UIInterfaceOrientationLandscapeLeft UIInterfaceOrientationLandscapeRight";
				INFOPLIST_KEY_UISupportedInterfaceOrientations_iPhone = "UIInterfaceOrientationPortrait UIInterfaceOrientationLandscapeLeft UIInterfaceOrientationLandscapeRight";
				LD_RUNPATH_SEARCH_PATHS = (
					"$(inherited)",
					"@executable_path/Frameworks",
				);
				MARKETING_VERSION = 1.0;
				PRODUCT_BUNDLE_IDENTIFIER = com.SkylarClemens.Chronicle;
				PRODUCT_NAME = "$(TARGET_NAME)";
				SWIFT_EMIT_LOC_STRINGS = YES;
				SWIFT_VERSION = 5.0;
				TARGETED_DEVICE_FAMILY = "1,2";
			};
			name = Debug;
		};
		7EC008FB2C5EEDEA0093217B /* Release */ = {
			isa = XCBuildConfiguration;
			buildSettings = {
				ASSETCATALOG_COMPILER_APPICON_NAME = AppIcon;
				ASSETCATALOG_COMPILER_GLOBAL_ACCENT_COLOR_NAME = AccentColor;
				CODE_SIGN_STYLE = Automatic;
				CURRENT_PROJECT_VERSION = 1;
				DEVELOPMENT_ASSET_PATHS = "\"Chronicle/Preview Content\"";
				DEVELOPMENT_TEAM = 2798XB6UZN;
				ENABLE_PREVIEWS = YES;
				GENERATE_INFOPLIST_FILE = YES;
				INFOPLIST_KEY_UIApplicationSceneManifest_Generation = YES;
				INFOPLIST_KEY_UIApplicationSupportsIndirectInputEvents = YES;
				INFOPLIST_KEY_UILaunchScreen_Generation = YES;
				INFOPLIST_KEY_UISupportedInterfaceOrientations_iPad = "UIInterfaceOrientationPortrait UIInterfaceOrientationPortraitUpsideDown UIInterfaceOrientationLandscapeLeft UIInterfaceOrientationLandscapeRight";
				INFOPLIST_KEY_UISupportedInterfaceOrientations_iPhone = "UIInterfaceOrientationPortrait UIInterfaceOrientationLandscapeLeft UIInterfaceOrientationLandscapeRight";
				LD_RUNPATH_SEARCH_PATHS = (
					"$(inherited)",
					"@executable_path/Frameworks",
				);
				MARKETING_VERSION = 1.0;
				PRODUCT_BUNDLE_IDENTIFIER = com.SkylarClemens.Chronicle;
				PRODUCT_NAME = "$(TARGET_NAME)";
				SWIFT_EMIT_LOC_STRINGS = YES;
				SWIFT_VERSION = 5.0;
				TARGETED_DEVICE_FAMILY = "1,2";
			};
			name = Release;
		};
/* End XCBuildConfiguration section */

/* Begin XCConfigurationList section */
		7EC008E42C5EEDE80093217B /* Build configuration list for PBXProject "Chronicle" */ = {
			isa = XCConfigurationList;
			buildConfigurations = (
				7EC008F72C5EEDEA0093217B /* Debug */,
				7EC008F82C5EEDEA0093217B /* Release */,
			);
			defaultConfigurationIsVisible = 0;
			defaultConfigurationName = Release;
		};
		7EC008F92C5EEDEA0093217B /* Build configuration list for PBXNativeTarget "Chronicle" */ = {
			isa = XCConfigurationList;
			buildConfigurations = (
				7EC008FA2C5EEDEA0093217B /* Debug */,
				7EC008FB2C5EEDEA0093217B /* Release */,
			);
			defaultConfigurationIsVisible = 0;
			defaultConfigurationName = Release;
		};
/* End XCConfigurationList section */
	};
	rootObject = 7EC008E12C5EEDE80093217B /* Project object */;
}
